// !$*UTF8*$!
{
	archiveVersion = 1;
	classes = {
	};
	objectVersion = 56;
	objects = {

/* Begin PBXBuildFile section */
		78070FF42C918C1B0039B44C /* ToneDeckApp.swift in Sources */ = {isa = PBXBuildFile; fileRef = 78070FF32C918C1B0039B44C /* ToneDeckApp.swift */; };
		78070FF62C918C1B0039B44C /* ContentView.swift in Sources */ = {isa = PBXBuildFile; fileRef = 78070FF52C918C1B0039B44C /* ContentView.swift */; };
		78070FF82C918C1E0039B44C /* Assets.xcassets in Resources */ = {isa = PBXBuildFile; fileRef = 78070FF72C918C1E0039B44C /* Assets.xcassets */; };
		78070FFB2C918C1E0039B44C /* Preview Assets.xcassets in Resources */ = {isa = PBXBuildFile; fileRef = 78070FFA2C918C1E0039B44C /* Preview Assets.xcassets */; };
		780710062C918DFB0039B44C /* AppDelegate.swift in Sources */ = {isa = PBXBuildFile; fileRef = 780710052C918DFB0039B44C /* AppDelegate.swift */; };
		780710382C9190130039B44C /* FirebaseAuth in Frameworks */ = {isa = PBXBuildFile; productRef = 780710372C9190130039B44C /* FirebaseAuth */; };
		7807103A2C9190130039B44C /* FirebaseDatabase in Frameworks */ = {isa = PBXBuildFile; productRef = 780710392C9190130039B44C /* FirebaseDatabase */; };
		7807103C2C9190130039B44C /* FirebaseFirestore in Frameworks */ = {isa = PBXBuildFile; productRef = 7807103B2C9190130039B44C /* FirebaseFirestore */; };
		7807103E2C9190130039B44C /* FirebaseStorage in Frameworks */ = {isa = PBXBuildFile; productRef = 7807103D2C9190130039B44C /* FirebaseStorage */; };
		780710412C9190C00039B44C /* CardViewController.swift in Sources */ = {isa = PBXBuildFile; fileRef = 780710402C9190C00039B44C /* CardViewController.swift */; };
		780710432C91DF720039B44C /* AddCardViewController.swift in Sources */ = {isa = PBXBuildFile; fileRef = 780710422C91DF720039B44C /* AddCardViewController.swift */; };
		780710462C92859B0039B44C /* FireStoreCardManager.swift in Sources */ = {isa = PBXBuildFile; fileRef = 780710452C92859B0039B44C /* FireStoreCardManager.swift */; };
		780710492C9286FB0039B44C /* Kingfisher in Frameworks */ = {isa = PBXBuildFile; productRef = 780710482C9286FB0039B44C /* Kingfisher */; };
		780710572C9414FD0039B44C /* ApplyCardViewController.swift in Sources */ = {isa = PBXBuildFile; fileRef = 780710562C9414FC0039B44C /* ApplyCardViewController.swift */; };
		7807105A2C9565320039B44C /* HistogramManager.swift in Sources */ = {isa = PBXBuildFile; fileRef = 780710592C9565320039B44C /* HistogramManager.swift */; };
		7807105C2C9605430039B44C /* FilterManager.swift in Sources */ = {isa = PBXBuildFile; fileRef = 7807105B2C9605430039B44C /* FilterManager.swift */; };
		781D3A422CAFAA5D00273755 /* Icons.xcassets in Resources */ = {isa = PBXBuildFile; fileRef = 781D3A0A2CAFAA5D00273755 /* Icons.xcassets */; };
		781D3A432CAFAA5D00273755 /* CameraConfig.swift in Sources */ = {isa = PBXBuildFile; fileRef = 781D3A0C2CAFAA5D00273755 /* CameraConfig.swift */; };
		781D3A442CAFAA5D00273755 /* PostCameraConfig.swift in Sources */ = {isa = PBXBuildFile; fileRef = 781D3A0D2CAFAA5D00273755 /* PostCameraConfig.swift */; };
		781D3A452CAFAA5D00273755 /* Animation++.swift in Sources */ = {isa = PBXBuildFile; fileRef = 781D3A0F2CAFAA5D00273755 /* Animation++.swift */; };
		781D3A462CAFAA5D00273755 /* AVCaptureDevice++.swift in Sources */ = {isa = PBXBuildFile; fileRef = 781D3A102CAFAA5D00273755 /* AVCaptureDevice++.swift */; };
		781D3A472CAFAA5D00273755 /* AVCaptureDeviceInput++.swift in Sources */ = {isa = PBXBuildFile; fileRef = 781D3A112CAFAA5D00273755 /* AVCaptureDeviceInput++.swift */; };
		781D3A482CAFAA5D00273755 /* AVCaptureVideoOrientation++.swift in Sources */ = {isa = PBXBuildFile; fileRef = 781D3A122CAFAA5D00273755 /* AVCaptureVideoOrientation++.swift */; };
		781D3A492CAFAA5D00273755 /* AVVideoComposition++.swift in Sources */ = {isa = PBXBuildFile; fileRef = 781D3A132CAFAA5D00273755 /* AVVideoComposition++.swift */; };
		781D3A4A2CAFAA5D00273755 /* Bundle++.swift in Sources */ = {isa = PBXBuildFile; fileRef = 781D3A142CAFAA5D00273755 /* Bundle++.swift */; };
		781D3A4B2CAFAA5D00273755 /* CALayer++.swift in Sources */ = {isa = PBXBuildFile; fileRef = 781D3A152CAFAA5D00273755 /* CALayer++.swift */; };
		781D3A4C2CAFAA5D00273755 /* CameraUtilities++.swift in Sources */ = {isa = PBXBuildFile; fileRef = 781D3A162CAFAA5D00273755 /* CameraUtilities++.swift */; };
		781D3A4D2CAFAA5D00273755 /* CaseIterable++.swift in Sources */ = {isa = PBXBuildFile; fileRef = 781D3A172CAFAA5D00273755 /* CaseIterable++.swift */; };
		781D3A4E2CAFAA5D00273755 /* CIImage++.swift in Sources */ = {isa = PBXBuildFile; fileRef = 781D3A182CAFAA5D00273755 /* CIImage++.swift */; };
		781D3A4F2CAFAA5D00273755 /* Color++.swift in Sources */ = {isa = PBXBuildFile; fileRef = 781D3A192CAFAA5D00273755 /* Color++.swift */; };
		781D3A502CAFAA5D00273755 /* FileManager++.swift in Sources */ = {isa = PBXBuildFile; fileRef = 781D3A1A2CAFAA5D00273755 /* FileManager++.swift */; };
		781D3A512CAFAA5D00273755 /* UIImage.Orientation++.swift in Sources */ = {isa = PBXBuildFile; fileRef = 781D3A1B2CAFAA5D00273755 /* UIImage.Orientation++.swift */; };
		781D3A522CAFAA5D00273755 /* UIImageView++.swift in Sources */ = {isa = PBXBuildFile; fileRef = 781D3A1C2CAFAA5D00273755 /* UIImageView++.swift */; };
		781D3A532CAFAA5D00273755 /* UIView++.swift in Sources */ = {isa = PBXBuildFile; fileRef = 781D3A1D2CAFAA5D00273755 /* UIView++.swift */; };
		781D3A542CAFAA5D00273755 /* View++.swift in Sources */ = {isa = PBXBuildFile; fileRef = 781D3A1E2CAFAA5D00273755 /* View++.swift */; };
		781D3A552CAFAA5D00273755 /* CameraManager.swift in Sources */ = {isa = PBXBuildFile; fileRef = 781D3A202CAFAA5D00273755 /* CameraManager.swift */; };
		781D3A562CAFAA5D00273755 /* CameraExposure.swift in Sources */ = {isa = PBXBuildFile; fileRef = 781D3A222CAFAA5D00273755 /* CameraExposure.swift */; };
		781D3A572CAFAA5D00273755 /* DefaultCameraErrorView.swift in Sources */ = {isa = PBXBuildFile; fileRef = 781D3A242CAFAA5D00273755 /* DefaultCameraErrorView.swift */; };
		781D3A582CAFAA5D00273755 /* DefaultCameraPreview.swift in Sources */ = {isa = PBXBuildFile; fileRef = 781D3A252CAFAA5D00273755 /* DefaultCameraPreview.swift */; };
		781D3A592CAFAA5D00273755 /* DefaultCameraView.swift in Sources */ = {isa = PBXBuildFile; fileRef = 781D3A262CAFAA5D00273755 /* DefaultCameraView.swift */; };
		781D3A5A2CAFAA5D00273755 /* ButtonScaleStyle.swift in Sources */ = {isa = PBXBuildFile; fileRef = 781D3A282CAFAA5D00273755 /* ButtonScaleStyle.swift */; };
		781D3A5B2CAFAA5D00273755 /* GridView.swift in Sources */ = {isa = PBXBuildFile; fileRef = 781D3A292CAFAA5D00273755 /* GridView.swift */; };
		781D3A5C2CAFAA5D00273755 /* CameraInputBridgeView.swift in Sources */ = {isa = PBXBuildFile; fileRef = 781D3A2B2CAFAA5D00273755 /* CameraInputBridgeView.swift */; };
		781D3A5D2CAFAA5D00273755 /* MCameraController.swift in Sources */ = {isa = PBXBuildFile; fileRef = 781D3A2C2CAFAA5D00273755 /* MCameraController.swift */; };
		781D3A5E2CAFAA5D00273755 /* Public+DefaultCameraView.swift in Sources */ = {isa = PBXBuildFile; fileRef = 781D3A302CAFAA5D00273755 /* Public+DefaultCameraView.swift */; };
		781D3A5F2CAFAA5D00273755 /* Public+MCameraController.swift in Sources */ = {isa = PBXBuildFile; fileRef = 781D3A312CAFAA5D00273755 /* Public+MCameraController.swift */; };
		781D3A602CAFAA5D00273755 /* Public+PostCameraConfig.swift in Sources */ = {isa = PBXBuildFile; fileRef = 781D3A322CAFAA5D00273755 /* Public+PostCameraConfig.swift */; };
		781D3A612CAFAA5D00273755 /* Public+CameraManager.swift in Sources */ = {isa = PBXBuildFile; fileRef = 781D3A342CAFAA5D00273755 /* Public+CameraManager.swift */; };
		781D3A622CAFAA5D00273755 /* Public+MCameraMedia.swift in Sources */ = {isa = PBXBuildFile; fileRef = 781D3A362CAFAA5D00273755 /* Public+MCameraMedia.swift */; };
		781D3A632CAFAA5D00273755 /* Public+MApplicationDelegate.swift in Sources */ = {isa = PBXBuildFile; fileRef = 781D3A382CAFAA5D00273755 /* Public+MApplicationDelegate.swift */; };
		781D3A642CAFAA5D00273755 /* Public+CameraUtilities.swift in Sources */ = {isa = PBXBuildFile; fileRef = 781D3A3A2CAFAA5D00273755 /* Public+CameraUtilities.swift */; };
		781D3A652CAFAA5D00273755 /* Public+MCameraErrorView.swift in Sources */ = {isa = PBXBuildFile; fileRef = 781D3A3C2CAFAA5D00273755 /* Public+MCameraErrorView.swift */; };
		781D3A662CAFAA5D00273755 /* Public+MCameraPreview.swift in Sources */ = {isa = PBXBuildFile; fileRef = 781D3A3D2CAFAA5D00273755 /* Public+MCameraPreview.swift */; };
		781D3A672CAFAA5D00273755 /* Public+MCameraView.swift in Sources */ = {isa = PBXBuildFile; fileRef = 781D3A3E2CAFAA5D00273755 /* Public+MCameraView.swift */; };
		781D3A722CAFAC7C00273755 /* NotificationCenter++.swift in Sources */ = {isa = PBXBuildFile; fileRef = 781D3A682CAFAC7C00273755 /* NotificationCenter++.swift */; };
		781D3A732CAFAC7C00273755 /* MTime.swift in Sources */ = {isa = PBXBuildFile; fileRef = 781D3A6A2CAFAC7C00273755 /* MTime.swift */; };
		781D3A742CAFAC7C00273755 /* MTimer.swift in Sources */ = {isa = PBXBuildFile; fileRef = 781D3A6B2CAFAC7C00273755 /* MTimer.swift */; };
		781D3A752CAFAC7C00273755 /* Public+MTime.swift in Sources */ = {isa = PBXBuildFile; fileRef = 781D3A6D2CAFAC7C00273755 /* Public+MTime.swift */; };
		781D3A762CAFAC7C00273755 /* Public+MTimer.Error.swift in Sources */ = {isa = PBXBuildFile; fileRef = 781D3A6E2CAFAC7C00273755 /* Public+MTimer.Error.swift */; };
		781D3A772CAFAC7C00273755 /* Public+MTimer.swift in Sources */ = {isa = PBXBuildFile; fileRef = 781D3A6F2CAFAC7C00273755 /* Public+MTimer.swift */; };
		781D3A7A2CAFED7100273755 /* MeshGradient.swift in Sources */ = {isa = PBXBuildFile; fileRef = 781D3A792CAFED7000273755 /* MeshGradient.swift */; };
		784E6BE72C9A773D004533C0 /* GoogleService-Info.plist in Resources */ = {isa = PBXBuildFile; fileRef = 784E6BE62C9A773D004533C0 /* GoogleService-Info.plist */; };
		7855CCEF2CBCC50A0014453D /* FirebaseAnalytics in Frameworks */ = {isa = PBXBuildFile; productRef = 7855CCEE2CBCC50A0014453D /* FirebaseAnalytics */; };
		7855CCF12CBCC50A0014453D /* FirebaseAnalyticsOnDeviceConversion in Frameworks */ = {isa = PBXBuildFile; productRef = 7855CCF02CBCC50A0014453D /* FirebaseAnalyticsOnDeviceConversion */; };
		7855CCF32CBCC50A0014453D /* FirebaseAnalyticsWithoutAdIdSupport in Frameworks */ = {isa = PBXBuildFile; productRef = 7855CCF22CBCC50A0014453D /* FirebaseAnalyticsWithoutAdIdSupport */; };
		7855CCF52CBCC50A0014453D /* FirebaseCrashlytics in Frameworks */ = {isa = PBXBuildFile; productRef = 7855CCF42CBCC50A0014453D /* FirebaseCrashlytics */; };
		7855CCF82CBCE5530014453D /* Initial Page View.swift in Sources */ = {isa = PBXBuildFile; fileRef = 7855CCF72CBCE5530014453D /* Initial Page View.swift */; };
		7870462C2CA2E5F200BA7CC2 /* NoFilterCameraView.swift in Sources */ = {isa = PBXBuildFile; fileRef = 7870462B2CA2E5F200BA7CC2 /* NoFilterCameraView.swift */; };
		787046302CA5638F00BA7CC2 /* AlertKit in Frameworks */ = {isa = PBXBuildFile; productRef = 7870462F2CA5638F00BA7CC2 /* AlertKit */; };
		787046342CA5B03500BA7CC2 /* PlayfairDisplay-Italic-VariableFont_wght.ttf in Resources */ = {isa = PBXBuildFile; fileRef = 787046332CA5B03400BA7CC2 /* PlayfairDisplay-Italic-VariableFont_wght.ttf */; };
		787046362CA5B03F00BA7CC2 /* PlayfairDisplay-VariableFont_wght.ttf in Resources */ = {isa = PBXBuildFile; fileRef = 787046352CA5B03F00BA7CC2 /* PlayfairDisplay-VariableFont_wght.ttf */; };
		787DB7CF2C998F5300350DEC /* ProfilePageViewController.swift in Sources */ = {isa = PBXBuildFile; fileRef = 787DB7CE2C998F5300350DEC /* ProfilePageViewController.swift */; };
		78834A052CC770DA00385ECA /* ToneDeckTests.swift in Sources */ = {isa = PBXBuildFile; fileRef = 78834A042CC770DA00385ECA /* ToneDeckTests.swift */; };
		78AC68E22C9D1BE000260BB3 /* CommentViewCOntroller.swift in Sources */ = {isa = PBXBuildFile; fileRef = 78AC68E12C9D1BE000260BB3 /* CommentViewCOntroller.swift */; };
		78AC68E62C9D79E800260BB3 /* ImageAdjustmentVIewController.swift in Sources */ = {isa = PBXBuildFile; fileRef = 78AC68E52C9D79E800260BB3 /* ImageAdjustmentVIewController.swift */; };
		78AC68E82C9EF90800260BB3 /* NotificationCenterViewController.swift in Sources */ = {isa = PBXBuildFile; fileRef = 78AC68E72C9EF90800260BB3 /* NotificationCenterViewController.swift */; };
		78AC68EB2CA1137A00260BB3 /* CustomCameraViewController.swift in Sources */ = {isa = PBXBuildFile; fileRef = 78AC68EA2CA1137A00260BB3 /* CustomCameraViewController.swift */; };
		78BAF0522C97F61500A5B418 /* FeedViewController.swift in Sources */ = {isa = PBXBuildFile; fileRef = 78BAF0512C97F61500A5B418 /* FeedViewController.swift */; };
		78BAF0542C980B0900A5B418 /* PhotoGridViewController.swift in Sources */ = {isa = PBXBuildFile; fileRef = 78BAF0532C980B0900A5B418 /* PhotoGridViewController.swift */; };
		78BAF0562C980B4500A5B418 /* TextInputViewController.swift in Sources */ = {isa = PBXBuildFile; fileRef = 78BAF0552C980B4500A5B418 /* TextInputViewController.swift */; };
		78BAF0592C980FF300A5B418 /* IQKeyboardManagerSwift in Frameworks */ = {isa = PBXBuildFile; productRef = 78BAF0582C980FF300A5B418 /* IQKeyboardManagerSwift */; };
		78CA2F792CAAF86C004E8414 /* ExtensionFireStoreService.swift in Sources */ = {isa = PBXBuildFile; fileRef = 78CA2F782CAAF86C004E8414 /* ExtensionFireStoreService.swift */; };
		78CA2F7B2CABC9FB004E8414 /* EditingProfileView.swift in Sources */ = {isa = PBXBuildFile; fileRef = 78CA2F7A2CABC9FB004E8414 /* EditingProfileView.swift */; };
		78CA2F7D2CAC376F004E8414 /* Shader.metal in Sources */ = {isa = PBXBuildFile; fileRef = 78CA2F7C2CAC376E004E8414 /* Shader.metal */; };
/* End PBXBuildFile section */

/* Begin PBXContainerItemProxy section */
		78834A062CC770DA00385ECA /* PBXContainerItemProxy */ = {
			isa = PBXContainerItemProxy;
			containerPortal = 78070FE82C918C1B0039B44C /* Project object */;
			proxyType = 1;
			remoteGlobalIDString = 78070FEF2C918C1B0039B44C;
			remoteInfo = ToneDeck;
		};
/* End PBXContainerItemProxy section */

/* Begin PBXFileReference section */
		78070FF02C918C1B0039B44C /* ToneDeck.app */ = {isa = PBXFileReference; explicitFileType = wrapper.application; includeInIndex = 0; path = ToneDeck.app; sourceTree = BUILT_PRODUCTS_DIR; };
		78070FF32C918C1B0039B44C /* ToneDeckApp.swift */ = {isa = PBXFileReference; lastKnownFileType = sourcecode.swift; path = ToneDeckApp.swift; sourceTree = "<group>"; };
		78070FF52C918C1B0039B44C /* ContentView.swift */ = {isa = PBXFileReference; lastKnownFileType = sourcecode.swift; path = ContentView.swift; sourceTree = "<group>"; };
		78070FF72C918C1E0039B44C /* Assets.xcassets */ = {isa = PBXFileReference; lastKnownFileType = folder.assetcatalog; path = Assets.xcassets; sourceTree = "<group>"; };
		78070FFA2C918C1E0039B44C /* Preview Assets.xcassets */ = {isa = PBXFileReference; lastKnownFileType = folder.assetcatalog; path = "Preview Assets.xcassets"; sourceTree = "<group>"; };
		780710052C918DFB0039B44C /* AppDelegate.swift */ = {isa = PBXFileReference; lastKnownFileType = sourcecode.swift; path = AppDelegate.swift; sourceTree = "<group>"; };
		780710402C9190C00039B44C /* CardViewController.swift */ = {isa = PBXFileReference; lastKnownFileType = sourcecode.swift; path = CardViewController.swift; sourceTree = "<group>"; };
		780710422C91DF720039B44C /* AddCardViewController.swift */ = {isa = PBXFileReference; lastKnownFileType = sourcecode.swift; path = AddCardViewController.swift; sourceTree = "<group>"; };
		780710452C92859B0039B44C /* FireStoreCardManager.swift */ = {isa = PBXFileReference; lastKnownFileType = sourcecode.swift; path = FireStoreCardManager.swift; sourceTree = "<group>"; };
		780710562C9414FC0039B44C /* ApplyCardViewController.swift */ = {isa = PBXFileReference; lastKnownFileType = sourcecode.swift; path = ApplyCardViewController.swift; sourceTree = "<group>"; };
		780710582C9442CF0039B44C /* Info.plist */ = {isa = PBXFileReference; lastKnownFileType = text.plist; path = Info.plist; sourceTree = "<group>"; };
		780710592C9565320039B44C /* HistogramManager.swift */ = {isa = PBXFileReference; lastKnownFileType = sourcecode.swift; path = HistogramManager.swift; sourceTree = "<group>"; };
		7807105B2C9605430039B44C /* FilterManager.swift */ = {isa = PBXFileReference; lastKnownFileType = sourcecode.swift; path = FilterManager.swift; sourceTree = "<group>"; };
		781D3A0A2CAFAA5D00273755 /* Icons.xcassets */ = {isa = PBXFileReference; lastKnownFileType = folder.assetcatalog; path = Icons.xcassets; sourceTree = "<group>"; };
		781D3A0C2CAFAA5D00273755 /* CameraConfig.swift */ = {isa = PBXFileReference; fileEncoding = 4; lastKnownFileType = sourcecode.swift; path = CameraConfig.swift; sourceTree = "<group>"; };
		781D3A0D2CAFAA5D00273755 /* PostCameraConfig.swift */ = {isa = PBXFileReference; fileEncoding = 4; lastKnownFileType = sourcecode.swift; path = PostCameraConfig.swift; sourceTree = "<group>"; };
		781D3A0F2CAFAA5D00273755 /* Animation++.swift */ = {isa = PBXFileReference; fileEncoding = 4; lastKnownFileType = sourcecode.swift; path = "Animation++.swift"; sourceTree = "<group>"; };
		781D3A102CAFAA5D00273755 /* AVCaptureDevice++.swift */ = {isa = PBXFileReference; fileEncoding = 4; lastKnownFileType = sourcecode.swift; path = "AVCaptureDevice++.swift"; sourceTree = "<group>"; };
		781D3A112CAFAA5D00273755 /* AVCaptureDeviceInput++.swift */ = {isa = PBXFileReference; fileEncoding = 4; lastKnownFileType = sourcecode.swift; path = "AVCaptureDeviceInput++.swift"; sourceTree = "<group>"; };
		781D3A122CAFAA5D00273755 /* AVCaptureVideoOrientation++.swift */ = {isa = PBXFileReference; fileEncoding = 4; lastKnownFileType = sourcecode.swift; path = "AVCaptureVideoOrientation++.swift"; sourceTree = "<group>"; };
		781D3A132CAFAA5D00273755 /* AVVideoComposition++.swift */ = {isa = PBXFileReference; fileEncoding = 4; lastKnownFileType = sourcecode.swift; path = "AVVideoComposition++.swift"; sourceTree = "<group>"; };
		781D3A142CAFAA5D00273755 /* Bundle++.swift */ = {isa = PBXFileReference; fileEncoding = 4; lastKnownFileType = sourcecode.swift; path = "Bundle++.swift"; sourceTree = "<group>"; };
		781D3A152CAFAA5D00273755 /* CALayer++.swift */ = {isa = PBXFileReference; fileEncoding = 4; lastKnownFileType = sourcecode.swift; path = "CALayer++.swift"; sourceTree = "<group>"; };
		781D3A162CAFAA5D00273755 /* CameraUtilities++.swift */ = {isa = PBXFileReference; fileEncoding = 4; lastKnownFileType = sourcecode.swift; path = "CameraUtilities++.swift"; sourceTree = "<group>"; };
		781D3A172CAFAA5D00273755 /* CaseIterable++.swift */ = {isa = PBXFileReference; fileEncoding = 4; lastKnownFileType = sourcecode.swift; path = "CaseIterable++.swift"; sourceTree = "<group>"; };
		781D3A182CAFAA5D00273755 /* CIImage++.swift */ = {isa = PBXFileReference; fileEncoding = 4; lastKnownFileType = sourcecode.swift; path = "CIImage++.swift"; sourceTree = "<group>"; };
		781D3A192CAFAA5D00273755 /* Color++.swift */ = {isa = PBXFileReference; fileEncoding = 4; lastKnownFileType = sourcecode.swift; path = "Color++.swift"; sourceTree = "<group>"; };
		781D3A1A2CAFAA5D00273755 /* FileManager++.swift */ = {isa = PBXFileReference; fileEncoding = 4; lastKnownFileType = sourcecode.swift; path = "FileManager++.swift"; sourceTree = "<group>"; };
		781D3A1B2CAFAA5D00273755 /* UIImage.Orientation++.swift */ = {isa = PBXFileReference; fileEncoding = 4; lastKnownFileType = sourcecode.swift; path = "UIImage.Orientation++.swift"; sourceTree = "<group>"; };
		781D3A1C2CAFAA5D00273755 /* UIImageView++.swift */ = {isa = PBXFileReference; fileEncoding = 4; lastKnownFileType = sourcecode.swift; path = "UIImageView++.swift"; sourceTree = "<group>"; };
		781D3A1D2CAFAA5D00273755 /* UIView++.swift */ = {isa = PBXFileReference; fileEncoding = 4; lastKnownFileType = sourcecode.swift; path = "UIView++.swift"; sourceTree = "<group>"; };
		781D3A1E2CAFAA5D00273755 /* View++.swift */ = {isa = PBXFileReference; fileEncoding = 4; lastKnownFileType = sourcecode.swift; path = "View++.swift"; sourceTree = "<group>"; };
		781D3A202CAFAA5D00273755 /* CameraManager.swift */ = {isa = PBXFileReference; fileEncoding = 4; lastKnownFileType = sourcecode.swift; path = CameraManager.swift; sourceTree = "<group>"; };
		781D3A222CAFAA5D00273755 /* CameraExposure.swift */ = {isa = PBXFileReference; fileEncoding = 4; lastKnownFileType = sourcecode.swift; path = CameraExposure.swift; sourceTree = "<group>"; };
		781D3A242CAFAA5D00273755 /* DefaultCameraErrorView.swift */ = {isa = PBXFileReference; fileEncoding = 4; lastKnownFileType = sourcecode.swift; path = DefaultCameraErrorView.swift; sourceTree = "<group>"; };
		781D3A252CAFAA5D00273755 /* DefaultCameraPreview.swift */ = {isa = PBXFileReference; fileEncoding = 4; lastKnownFileType = sourcecode.swift; path = DefaultCameraPreview.swift; sourceTree = "<group>"; };
		781D3A262CAFAA5D00273755 /* DefaultCameraView.swift */ = {isa = PBXFileReference; fileEncoding = 4; lastKnownFileType = sourcecode.swift; path = DefaultCameraView.swift; sourceTree = "<group>"; };
		781D3A282CAFAA5D00273755 /* ButtonScaleStyle.swift */ = {isa = PBXFileReference; fileEncoding = 4; lastKnownFileType = sourcecode.swift; path = ButtonScaleStyle.swift; sourceTree = "<group>"; };
		781D3A292CAFAA5D00273755 /* GridView.swift */ = {isa = PBXFileReference; fileEncoding = 4; lastKnownFileType = sourcecode.swift; path = GridView.swift; sourceTree = "<group>"; };
		781D3A2B2CAFAA5D00273755 /* CameraInputBridgeView.swift */ = {isa = PBXFileReference; fileEncoding = 4; lastKnownFileType = sourcecode.swift; path = CameraInputBridgeView.swift; sourceTree = "<group>"; };
		781D3A2C2CAFAA5D00273755 /* MCameraController.swift */ = {isa = PBXFileReference; fileEncoding = 4; lastKnownFileType = sourcecode.swift; path = MCameraController.swift; sourceTree = "<group>"; };
		781D3A302CAFAA5D00273755 /* Public+DefaultCameraView.swift */ = {isa = PBXFileReference; fileEncoding = 4; lastKnownFileType = sourcecode.swift; path = "Public+DefaultCameraView.swift"; sourceTree = "<group>"; };
		781D3A312CAFAA5D00273755 /* Public+MCameraController.swift */ = {isa = PBXFileReference; fileEncoding = 4; lastKnownFileType = sourcecode.swift; path = "Public+MCameraController.swift"; sourceTree = "<group>"; };
		781D3A322CAFAA5D00273755 /* Public+PostCameraConfig.swift */ = {isa = PBXFileReference; fileEncoding = 4; lastKnownFileType = sourcecode.swift; path = "Public+PostCameraConfig.swift"; sourceTree = "<group>"; };
		781D3A342CAFAA5D00273755 /* Public+CameraManager.swift */ = {isa = PBXFileReference; fileEncoding = 4; lastKnownFileType = sourcecode.swift; path = "Public+CameraManager.swift"; sourceTree = "<group>"; };
		781D3A362CAFAA5D00273755 /* Public+MCameraMedia.swift */ = {isa = PBXFileReference; fileEncoding = 4; lastKnownFileType = sourcecode.swift; path = "Public+MCameraMedia.swift"; sourceTree = "<group>"; };
		781D3A382CAFAA5D00273755 /* Public+MApplicationDelegate.swift */ = {isa = PBXFileReference; fileEncoding = 4; lastKnownFileType = sourcecode.swift; path = "Public+MApplicationDelegate.swift"; sourceTree = "<group>"; };
		781D3A3A2CAFAA5D00273755 /* Public+CameraUtilities.swift */ = {isa = PBXFileReference; fileEncoding = 4; lastKnownFileType = sourcecode.swift; path = "Public+CameraUtilities.swift"; sourceTree = "<group>"; };
		781D3A3C2CAFAA5D00273755 /* Public+MCameraErrorView.swift */ = {isa = PBXFileReference; fileEncoding = 4; lastKnownFileType = sourcecode.swift; path = "Public+MCameraErrorView.swift"; sourceTree = "<group>"; };
		781D3A3D2CAFAA5D00273755 /* Public+MCameraPreview.swift */ = {isa = PBXFileReference; fileEncoding = 4; lastKnownFileType = sourcecode.swift; path = "Public+MCameraPreview.swift"; sourceTree = "<group>"; };
		781D3A3E2CAFAA5D00273755 /* Public+MCameraView.swift */ = {isa = PBXFileReference; fileEncoding = 4; lastKnownFileType = sourcecode.swift; path = "Public+MCameraView.swift"; sourceTree = "<group>"; };
		781D3A682CAFAC7C00273755 /* NotificationCenter++.swift */ = {isa = PBXFileReference; fileEncoding = 4; lastKnownFileType = sourcecode.swift; path = "NotificationCenter++.swift"; sourceTree = "<group>"; };
		781D3A6A2CAFAC7C00273755 /* MTime.swift */ = {isa = PBXFileReference; fileEncoding = 4; lastKnownFileType = sourcecode.swift; path = MTime.swift; sourceTree = "<group>"; };
		781D3A6B2CAFAC7C00273755 /* MTimer.swift */ = {isa = PBXFileReference; fileEncoding = 4; lastKnownFileType = sourcecode.swift; path = MTimer.swift; sourceTree = "<group>"; };
		781D3A6D2CAFAC7C00273755 /* Public+MTime.swift */ = {isa = PBXFileReference; fileEncoding = 4; lastKnownFileType = sourcecode.swift; path = "Public+MTime.swift"; sourceTree = "<group>"; };
		781D3A6E2CAFAC7C00273755 /* Public+MTimer.Error.swift */ = {isa = PBXFileReference; fileEncoding = 4; lastKnownFileType = sourcecode.swift; path = "Public+MTimer.Error.swift"; sourceTree = "<group>"; };
		781D3A6F2CAFAC7C00273755 /* Public+MTimer.swift */ = {isa = PBXFileReference; fileEncoding = 4; lastKnownFileType = sourcecode.swift; path = "Public+MTimer.swift"; sourceTree = "<group>"; };
		781D3A792CAFED7000273755 /* MeshGradient.swift */ = {isa = PBXFileReference; lastKnownFileType = sourcecode.swift; path = MeshGradient.swift; sourceTree = "<group>"; };
		784E6BE62C9A773D004533C0 /* GoogleService-Info.plist */ = {isa = PBXFileReference; fileEncoding = 4; lastKnownFileType = text.plist.xml; path = "GoogleService-Info.plist"; sourceTree = SOURCE_ROOT; };
		7855CCF72CBCE5530014453D /* Initial Page View.swift */ = {isa = PBXFileReference; lastKnownFileType = sourcecode.swift; path = "Initial Page View.swift"; sourceTree = "<group>"; };
		7870462B2CA2E5F200BA7CC2 /* NoFilterCameraView.swift */ = {isa = PBXFileReference; lastKnownFileType = sourcecode.swift; path = NoFilterCameraView.swift; sourceTree = "<group>"; };
		787046332CA5B03400BA7CC2 /* PlayfairDisplay-Italic-VariableFont_wght.ttf */ = {isa = PBXFileReference; lastKnownFileType = file; path = "PlayfairDisplay-Italic-VariableFont_wght.ttf"; sourceTree = "<group>"; };
		787046352CA5B03F00BA7CC2 /* PlayfairDisplay-VariableFont_wght.ttf */ = {isa = PBXFileReference; lastKnownFileType = file; path = "PlayfairDisplay-VariableFont_wght.ttf"; sourceTree = "<group>"; };
		787DB7CE2C998F5300350DEC /* ProfilePageViewController.swift */ = {isa = PBXFileReference; lastKnownFileType = sourcecode.swift; path = ProfilePageViewController.swift; sourceTree = "<group>"; };
		78834A022CC770DA00385ECA /* ToneDeckTests.xctest */ = {isa = PBXFileReference; explicitFileType = wrapper.cfbundle; includeInIndex = 0; path = ToneDeckTests.xctest; sourceTree = BUILT_PRODUCTS_DIR; };
		78834A042CC770DA00385ECA /* ToneDeckTests.swift */ = {isa = PBXFileReference; lastKnownFileType = sourcecode.swift; path = ToneDeckTests.swift; sourceTree = "<group>"; };
		78AC68E12C9D1BE000260BB3 /* CommentViewCOntroller.swift */ = {isa = PBXFileReference; lastKnownFileType = sourcecode.swift; path = CommentViewCOntroller.swift; sourceTree = "<group>"; };
		78AC68E52C9D79E800260BB3 /* ImageAdjustmentVIewController.swift */ = {isa = PBXFileReference; lastKnownFileType = sourcecode.swift; path = ImageAdjustmentVIewController.swift; sourceTree = "<group>"; };
		78AC68E72C9EF90800260BB3 /* NotificationCenterViewController.swift */ = {isa = PBXFileReference; lastKnownFileType = sourcecode.swift; path = NotificationCenterViewController.swift; sourceTree = "<group>"; };
		78AC68E92CA00C2300260BB3 /* ToneDeck.entitlements */ = {isa = PBXFileReference; lastKnownFileType = text.plist.entitlements; path = ToneDeck.entitlements; sourceTree = "<group>"; };
		78AC68EA2CA1137A00260BB3 /* CustomCameraViewController.swift */ = {isa = PBXFileReference; lastKnownFileType = sourcecode.swift; path = CustomCameraViewController.swift; sourceTree = "<group>"; };
		78BAF0512C97F61500A5B418 /* FeedViewController.swift */ = {isa = PBXFileReference; lastKnownFileType = sourcecode.swift; path = FeedViewController.swift; sourceTree = "<group>"; };
		78BAF0532C980B0900A5B418 /* PhotoGridViewController.swift */ = {isa = PBXFileReference; lastKnownFileType = sourcecode.swift; path = PhotoGridViewController.swift; sourceTree = "<group>"; };
		78BAF0552C980B4500A5B418 /* TextInputViewController.swift */ = {isa = PBXFileReference; lastKnownFileType = sourcecode.swift; path = TextInputViewController.swift; sourceTree = "<group>"; };
		78CA2F782CAAF86C004E8414 /* ExtensionFireStoreService.swift */ = {isa = PBXFileReference; lastKnownFileType = sourcecode.swift; path = ExtensionFireStoreService.swift; sourceTree = "<group>"; };
		78CA2F7A2CABC9FB004E8414 /* EditingProfileView.swift */ = {isa = PBXFileReference; lastKnownFileType = sourcecode.swift; path = EditingProfileView.swift; sourceTree = "<group>"; };
		78CA2F7C2CAC376E004E8414 /* Shader.metal */ = {isa = PBXFileReference; lastKnownFileType = sourcecode.metal; path = Shader.metal; sourceTree = "<group>"; };
/* End PBXFileReference section */

/* Begin PBXFrameworksBuildPhase section */
		78070FED2C918C1B0039B44C /* Frameworks */ = {
			isa = PBXFrameworksBuildPhase;
			buildActionMask = 2147483647;
			files = (
				787046302CA5638F00BA7CC2 /* AlertKit in Frameworks */,
				7855CCF32CBCC50A0014453D /* FirebaseAnalyticsWithoutAdIdSupport in Frameworks */,
				7807103A2C9190130039B44C /* FirebaseDatabase in Frameworks */,
				7855CCEF2CBCC50A0014453D /* FirebaseAnalytics in Frameworks */,
				7807103E2C9190130039B44C /* FirebaseStorage in Frameworks */,
				7855CCF52CBCC50A0014453D /* FirebaseCrashlytics in Frameworks */,
				7855CCF12CBCC50A0014453D /* FirebaseAnalyticsOnDeviceConversion in Frameworks */,
				780710382C9190130039B44C /* FirebaseAuth in Frameworks */,
				7807103C2C9190130039B44C /* FirebaseFirestore in Frameworks */,
				780710492C9286FB0039B44C /* Kingfisher in Frameworks */,
				78BAF0592C980FF300A5B418 /* IQKeyboardManagerSwift in Frameworks */,
			);
			runOnlyForDeploymentPostprocessing = 0;
		};
		788349FF2CC770DA00385ECA /* Frameworks */ = {
			isa = PBXFrameworksBuildPhase;
			buildActionMask = 2147483647;
			files = (
			);
			runOnlyForDeploymentPostprocessing = 0;
		};
/* End PBXFrameworksBuildPhase section */

/* Begin PBXGroup section */
		78070FE72C918C1B0039B44C = {
			isa = PBXGroup;
			children = (
				78070FF22C918C1B0039B44C /* ToneDeck */,
				78834A032CC770DA00385ECA /* ToneDeckTests */,
				78070FF12C918C1B0039B44C /* Products */,
			);
			sourceTree = "<group>";
		};
		78070FF12C918C1B0039B44C /* Products */ = {
			isa = PBXGroup;
			children = (
				78070FF02C918C1B0039B44C /* ToneDeck.app */,
				78834A022CC770DA00385ECA /* ToneDeckTests.xctest */,
			);
			name = Products;
			sourceTree = "<group>";
		};
		78070FF22C918C1B0039B44C /* ToneDeck */ = {
			isa = PBXGroup;
			children = (
				781D3A712CAFAC7C00273755 /* TimerSources */,
				781D3A412CAFAA5D00273755 /* Sources */,
				78AC68E92CA00C2300260BB3 /* ToneDeck.entitlements */,
				780710582C9442CF0039B44C /* Info.plist */,
				78070FF32C918C1B0039B44C /* ToneDeckApp.swift */,
				78070FF52C918C1B0039B44C /* ContentView.swift */,
				780710052C918DFB0039B44C /* AppDelegate.swift */,
				78CA2F7C2CAC376E004E8414 /* Shader.metal */,
				780710442C9285730039B44C /* Manager */,
				7807103F2C9190A60039B44C /* ViewController */,
				787046312CA5AE9D00BA7CC2 /* Assets */,
				784E6BE62C9A773D004533C0 /* GoogleService-Info.plist */,
				78070FF92C918C1E0039B44C /* Preview Content */,
			);
			path = ToneDeck;
			sourceTree = "<group>";
		};
		78070FF92C918C1E0039B44C /* Preview Content */ = {
			isa = PBXGroup;
			children = (
				78070FFA2C918C1E0039B44C /* Preview Assets.xcassets */,
			);
			path = "Preview Content";
			sourceTree = "<group>";
		};
		7807103F2C9190A60039B44C /* ViewController */ = {
			isa = PBXGroup;
			children = (
				780710402C9190C00039B44C /* CardViewController.swift */,
				780710422C91DF720039B44C /* AddCardViewController.swift */,
				7870462B2CA2E5F200BA7CC2 /* NoFilterCameraView.swift */,
				78AC68EA2CA1137A00260BB3 /* CustomCameraViewController.swift */,
				780710562C9414FC0039B44C /* ApplyCardViewController.swift */,
				78AC68E52C9D79E800260BB3 /* ImageAdjustmentVIewController.swift */,
				78BAF0512C97F61500A5B418 /* FeedViewController.swift */,
				78BAF0532C980B0900A5B418 /* PhotoGridViewController.swift */,
				78AC68E12C9D1BE000260BB3 /* CommentViewCOntroller.swift */,
				78BAF0552C980B4500A5B418 /* TextInputViewController.swift */,
				787DB7CE2C998F5300350DEC /* ProfilePageViewController.swift */,
				78CA2F7A2CABC9FB004E8414 /* EditingProfileView.swift */,
				78AC68E72C9EF90800260BB3 /* NotificationCenterViewController.swift */,
				781D3A792CAFED7000273755 /* MeshGradient.swift */,
				7855CCF72CBCE5530014453D /* Initial Page View.swift */,
			);
			path = ViewController;
			sourceTree = "<group>";
		};
		780710442C9285730039B44C /* Manager */ = {
			isa = PBXGroup;
			children = (
				780710452C92859B0039B44C /* FireStoreCardManager.swift */,
				78CA2F782CAAF86C004E8414 /* ExtensionFireStoreService.swift */,
				780710592C9565320039B44C /* HistogramManager.swift */,
				7807105B2C9605430039B44C /* FilterManager.swift */,
			);
			path = Manager;
			sourceTree = "<group>";
		};
		781D3A0B2CAFAA5D00273755 /* Assets */ = {
			isa = PBXGroup;
			children = (
				781D3A0A2CAFAA5D00273755 /* Icons.xcassets */,
			);
			path = Assets;
			sourceTree = "<group>";
		};
		781D3A0E2CAFAA5D00273755 /* Config */ = {
			isa = PBXGroup;
			children = (
				781D3A0C2CAFAA5D00273755 /* CameraConfig.swift */,
				781D3A0D2CAFAA5D00273755 /* PostCameraConfig.swift */,
			);
			path = Config;
			sourceTree = "<group>";
		};
		781D3A1F2CAFAA5D00273755 /* Extensions */ = {
			isa = PBXGroup;
			children = (
				781D3A0F2CAFAA5D00273755 /* Animation++.swift */,
				781D3A102CAFAA5D00273755 /* AVCaptureDevice++.swift */,
				781D3A112CAFAA5D00273755 /* AVCaptureDeviceInput++.swift */,
				781D3A122CAFAA5D00273755 /* AVCaptureVideoOrientation++.swift */,
				781D3A132CAFAA5D00273755 /* AVVideoComposition++.swift */,
				781D3A142CAFAA5D00273755 /* Bundle++.swift */,
				781D3A152CAFAA5D00273755 /* CALayer++.swift */,
				781D3A162CAFAA5D00273755 /* CameraUtilities++.swift */,
				781D3A172CAFAA5D00273755 /* CaseIterable++.swift */,
				781D3A182CAFAA5D00273755 /* CIImage++.swift */,
				781D3A192CAFAA5D00273755 /* Color++.swift */,
				781D3A1A2CAFAA5D00273755 /* FileManager++.swift */,
				781D3A1B2CAFAA5D00273755 /* UIImage.Orientation++.swift */,
				781D3A1C2CAFAA5D00273755 /* UIImageView++.swift */,
				781D3A1D2CAFAA5D00273755 /* UIView++.swift */,
				781D3A1E2CAFAA5D00273755 /* View++.swift */,
			);
			path = Extensions;
			sourceTree = "<group>";
		};
		781D3A212CAFAA5D00273755 /* Managers */ = {
			isa = PBXGroup;
			children = (
				781D3A202CAFAA5D00273755 /* CameraManager.swift */,
			);
			path = Managers;
			sourceTree = "<group>";
		};
		781D3A232CAFAA5D00273755 /* Models */ = {
			isa = PBXGroup;
			children = (
				781D3A222CAFAA5D00273755 /* CameraExposure.swift */,
			);
			path = Models;
			sourceTree = "<group>";
		};
		781D3A272CAFAA5D00273755 /* Default */ = {
			isa = PBXGroup;
			children = (
				781D3A242CAFAA5D00273755 /* DefaultCameraErrorView.swift */,
				781D3A252CAFAA5D00273755 /* DefaultCameraPreview.swift */,
				781D3A262CAFAA5D00273755 /* DefaultCameraView.swift */,
			);
			path = Default;
			sourceTree = "<group>";
		};
		781D3A2A2CAFAA5D00273755 /* Helpers */ = {
			isa = PBXGroup;
			children = (
				781D3A282CAFAA5D00273755 /* ButtonScaleStyle.swift */,
				781D3A292CAFAA5D00273755 /* GridView.swift */,
			);
			path = Helpers;
			sourceTree = "<group>";
		};
		781D3A2D2CAFAA5D00273755 /* Main */ = {
			isa = PBXGroup;
			children = (
				781D3A2B2CAFAA5D00273755 /* CameraInputBridgeView.swift */,
				781D3A2C2CAFAA5D00273755 /* MCameraController.swift */,
			);
			path = Main;
			sourceTree = "<group>";
		};
		781D3A2E2CAFAA5D00273755 /* Views */ = {
			isa = PBXGroup;
			children = (
				781D3A272CAFAA5D00273755 /* Default */,
				781D3A2A2CAFAA5D00273755 /* Helpers */,
				781D3A2D2CAFAA5D00273755 /* Main */,
			);
			path = Views;
			sourceTree = "<group>";
		};
		781D3A2F2CAFAA5D00273755 /* Internal */ = {
			isa = PBXGroup;
			children = (
				781D3A0B2CAFAA5D00273755 /* Assets */,
				781D3A0E2CAFAA5D00273755 /* Config */,
				781D3A1F2CAFAA5D00273755 /* Extensions */,
				781D3A212CAFAA5D00273755 /* Managers */,
				781D3A232CAFAA5D00273755 /* Models */,
				781D3A2E2CAFAA5D00273755 /* Views */,
			);
			path = Internal;
			sourceTree = "<group>";
		};
		781D3A332CAFAA5D00273755 /* Config */ = {
			isa = PBXGroup;
			children = (
				781D3A302CAFAA5D00273755 /* Public+DefaultCameraView.swift */,
				781D3A312CAFAA5D00273755 /* Public+MCameraController.swift */,
				781D3A322CAFAA5D00273755 /* Public+PostCameraConfig.swift */,
			);
			path = Config;
			sourceTree = "<group>";
		};
		781D3A352CAFAA5D00273755 /* Managers */ = {
			isa = PBXGroup;
			children = (
				781D3A342CAFAA5D00273755 /* Public+CameraManager.swift */,
			);
			path = Managers;
			sourceTree = "<group>";
		};
		781D3A372CAFAA5D00273755 /* Models */ = {
			isa = PBXGroup;
			children = (
				781D3A362CAFAA5D00273755 /* Public+MCameraMedia.swift */,
			);
			path = Models;
			sourceTree = "<group>";
		};
		781D3A392CAFAA5D00273755 /* Protocols */ = {
			isa = PBXGroup;
			children = (
				781D3A382CAFAA5D00273755 /* Public+MApplicationDelegate.swift */,
			);
			path = Protocols;
			sourceTree = "<group>";
		};
		781D3A3B2CAFAA5D00273755 /* Utilities */ = {
			isa = PBXGroup;
			children = (
				781D3A3A2CAFAA5D00273755 /* Public+CameraUtilities.swift */,
			);
			path = Utilities;
			sourceTree = "<group>";
		};
		781D3A3F2CAFAA5D00273755 /* View Protocols */ = {
			isa = PBXGroup;
			children = (
				781D3A3C2CAFAA5D00273755 /* Public+MCameraErrorView.swift */,
				781D3A3D2CAFAA5D00273755 /* Public+MCameraPreview.swift */,
				781D3A3E2CAFAA5D00273755 /* Public+MCameraView.swift */,
			);
			path = "View Protocols";
			sourceTree = "<group>";
		};
		781D3A402CAFAA5D00273755 /* Public */ = {
			isa = PBXGroup;
			children = (
				781D3A332CAFAA5D00273755 /* Config */,
				781D3A352CAFAA5D00273755 /* Managers */,
				781D3A372CAFAA5D00273755 /* Models */,
				781D3A392CAFAA5D00273755 /* Protocols */,
				781D3A3B2CAFAA5D00273755 /* Utilities */,
				781D3A3F2CAFAA5D00273755 /* View Protocols */,
			);
			path = Public;
			sourceTree = "<group>";
		};
		781D3A412CAFAA5D00273755 /* Sources */ = {
			isa = PBXGroup;
			children = (
				781D3A2F2CAFAA5D00273755 /* Internal */,
				781D3A402CAFAA5D00273755 /* Public */,
			);
			path = Sources;
			sourceTree = "<group>";
		};
		781D3A692CAFAC7C00273755 /* Extensions */ = {
			isa = PBXGroup;
			children = (
				781D3A682CAFAC7C00273755 /* NotificationCenter++.swift */,
			);
			path = Extensions;
			sourceTree = "<group>";
		};
		781D3A6C2CAFAC7C00273755 /* Internal */ = {
			isa = PBXGroup;
			children = (
				781D3A692CAFAC7C00273755 /* Extensions */,
				781D3A6A2CAFAC7C00273755 /* MTime.swift */,
				781D3A6B2CAFAC7C00273755 /* MTimer.swift */,
			);
			path = Internal;
			sourceTree = "<group>";
		};
		781D3A702CAFAC7C00273755 /* Public */ = {
			isa = PBXGroup;
			children = (
				781D3A6D2CAFAC7C00273755 /* Public+MTime.swift */,
				781D3A6E2CAFAC7C00273755 /* Public+MTimer.Error.swift */,
				781D3A6F2CAFAC7C00273755 /* Public+MTimer.swift */,
			);
			path = Public;
			sourceTree = "<group>";
		};
		781D3A712CAFAC7C00273755 /* TimerSources */ = {
			isa = PBXGroup;
			children = (
				781D3A6C2CAFAC7C00273755 /* Internal */,
				781D3A702CAFAC7C00273755 /* Public */,
			);
			path = TimerSources;
			sourceTree = "<group>";
		};
		787046312CA5AE9D00BA7CC2 /* Assets */ = {
			isa = PBXGroup;
			children = (
				787046322CA5AEB900BA7CC2 /* Fonts */,
				78070FF72C918C1E0039B44C /* Assets.xcassets */,
			);
			path = Assets;
			sourceTree = "<group>";
		};
		787046322CA5AEB900BA7CC2 /* Fonts */ = {
			isa = PBXGroup;
			children = (
				787046352CA5B03F00BA7CC2 /* PlayfairDisplay-VariableFont_wght.ttf */,
				787046332CA5B03400BA7CC2 /* PlayfairDisplay-Italic-VariableFont_wght.ttf */,
			);
			path = Fonts;
			sourceTree = "<group>";
		};
		78834A032CC770DA00385ECA /* ToneDeckTests */ = {
			isa = PBXGroup;
			children = (
				78834A042CC770DA00385ECA /* ToneDeckTests.swift */,
			);
			path = ToneDeckTests;
			sourceTree = "<group>";
		};
/* End PBXGroup section */

/* Begin PBXNativeTarget section */
		78070FEF2C918C1B0039B44C /* ToneDeck */ = {
			isa = PBXNativeTarget;
			buildConfigurationList = 78070FFE2C918C1E0039B44C /* Build configuration list for PBXNativeTarget "ToneDeck" */;
			buildPhases = (
				78070FEC2C918C1B0039B44C /* Sources */,
				78070FED2C918C1B0039B44C /* Frameworks */,
				78070FEE2C918C1B0039B44C /* Resources */,
				78BAF0502C97D8BA00A5B418 /* ShellScript */,
				7855CCF62CBCC6750014453D /* ShellScript */,
			);
			buildRules = (
			);
			dependencies = (
			);
			name = ToneDeck;
			packageProductDependencies = (
				780710372C9190130039B44C /* FirebaseAuth */,
				780710392C9190130039B44C /* FirebaseDatabase */,
				7807103B2C9190130039B44C /* FirebaseFirestore */,
				7807103D2C9190130039B44C /* FirebaseStorage */,
				780710482C9286FB0039B44C /* Kingfisher */,
				78BAF0582C980FF300A5B418 /* IQKeyboardManagerSwift */,
				7870462F2CA5638F00BA7CC2 /* AlertKit */,
				7855CCEE2CBCC50A0014453D /* FirebaseAnalytics */,
				7855CCF02CBCC50A0014453D /* FirebaseAnalyticsOnDeviceConversion */,
				7855CCF22CBCC50A0014453D /* FirebaseAnalyticsWithoutAdIdSupport */,
				7855CCF42CBCC50A0014453D /* FirebaseCrashlytics */,
			);
			productName = ToneDeck;
			productReference = 78070FF02C918C1B0039B44C /* ToneDeck.app */;
			productType = "com.apple.product-type.application";
		};
		78834A012CC770DA00385ECA /* ToneDeckTests */ = {
			isa = PBXNativeTarget;
			buildConfigurationList = 78834A082CC770DA00385ECA /* Build configuration list for PBXNativeTarget "ToneDeckTests" */;
			buildPhases = (
				788349FE2CC770DA00385ECA /* Sources */,
				788349FF2CC770DA00385ECA /* Frameworks */,
				78834A002CC770DA00385ECA /* Resources */,
			);
			buildRules = (
			);
			dependencies = (
				78834A072CC770DA00385ECA /* PBXTargetDependency */,
			);
			name = ToneDeckTests;
			productName = ToneDeckTests;
			productReference = 78834A022CC770DA00385ECA /* ToneDeckTests.xctest */;
			productType = "com.apple.product-type.bundle.unit-test";
		};
/* End PBXNativeTarget section */

/* Begin PBXProject section */
		78070FE82C918C1B0039B44C /* Project object */ = {
			isa = PBXProject;
			attributes = {
				BuildIndependentTargetsInParallel = NO;
				LastSwiftUpdateCheck = 1540;
				LastUpgradeCheck = 1540;
				TargetAttributes = {
					78070FEF2C918C1B0039B44C = {
						CreatedOnToolsVersion = 15.4;
					};
					78834A012CC770DA00385ECA = {
						CreatedOnToolsVersion = 15.4;
						TestTargetID = 78070FEF2C918C1B0039B44C;
					};
				};
			};
			buildConfigurationList = 78070FEB2C918C1B0039B44C /* Build configuration list for PBXProject "ToneDeck" */;
			compatibilityVersion = "Xcode 14.0";
			developmentRegion = en;
			hasScannedForEncodings = 0;
			knownRegions = (
				en,
				Base,
			);
			mainGroup = 78070FE72C918C1B0039B44C;
			packageReferences = (
				780710362C9190130039B44C /* XCRemoteSwiftPackageReference "firebase-ios-sdk" */,
				780710472C9286FB0039B44C /* XCRemoteSwiftPackageReference "Kingfisher" */,
				78BAF0572C980FF300A5B418 /* XCRemoteSwiftPackageReference "IQKeyboardManager" */,
				7870462E2CA5638F00BA7CC2 /* XCRemoteSwiftPackageReference "AlertKit" */,
			);
			productRefGroup = 78070FF12C918C1B0039B44C /* Products */;
			projectDirPath = "";
			projectRoot = "";
			targets = (
				78070FEF2C918C1B0039B44C /* ToneDeck */,
				78834A012CC770DA00385ECA /* ToneDeckTests */,
			);
		};
/* End PBXProject section */

/* Begin PBXResourcesBuildPhase section */
		78070FEE2C918C1B0039B44C /* Resources */ = {
			isa = PBXResourcesBuildPhase;
			buildActionMask = 2147483647;
			files = (
				787046342CA5B03500BA7CC2 /* PlayfairDisplay-Italic-VariableFont_wght.ttf in Resources */,
				78070FFB2C918C1E0039B44C /* Preview Assets.xcassets in Resources */,
				787046362CA5B03F00BA7CC2 /* PlayfairDisplay-VariableFont_wght.ttf in Resources */,
				78070FF82C918C1E0039B44C /* Assets.xcassets in Resources */,
				781D3A422CAFAA5D00273755 /* Icons.xcassets in Resources */,
				784E6BE72C9A773D004533C0 /* GoogleService-Info.plist in Resources */,
			);
			runOnlyForDeploymentPostprocessing = 0;
		};
		78834A002CC770DA00385ECA /* Resources */ = {
			isa = PBXResourcesBuildPhase;
			buildActionMask = 2147483647;
			files = (
			);
			runOnlyForDeploymentPostprocessing = 0;
		};
/* End PBXResourcesBuildPhase section */

/* Begin PBXShellScriptBuildPhase section */
		7855CCF62CBCC6750014453D /* ShellScript */ = {
			isa = PBXShellScriptBuildPhase;
			buildActionMask = 2147483647;
			files = (
			);
			inputFileListPaths = (
			);
			inputPaths = (
				"${DWARF_DSYM_FOLDER_PATH}/${DWARF_DSYM_FILE_NAME}/Contents/Resources/DWARF/${TARGET_NAME}",
				"$(SRCROOT)/$(BUILT_PRODUCTS_DIR)/$(INFOPLIST_PATH)",
			);
			outputFileListPaths = (
			);
			outputPaths = (
			);
			runOnlyForDeploymentPostprocessing = 0;
			shellPath = /bin/sh;
			shellScript = "# Type a script or drag a script file from your workspace to insert its path.\n\"${BUILD_DIR%Build/*}SourcePackages/checkouts/firebase-ios-sdk/Crashlytics/run\"\n";
		};
		78BAF0502C97D8BA00A5B418 /* ShellScript */ = {
			isa = PBXShellScriptBuildPhase;
			buildActionMask = 2147483647;
			files = (
			);
			inputFileListPaths = (
			);
			inputPaths = (
			);
			outputFileListPaths = (
			);
			outputPaths = (
			);
			runOnlyForDeploymentPostprocessing = 0;
			shellPath = /bin/sh;
			shellScript = "# Type a script or drag a script file from your workspace to insert its path.\nif which swiftlint >/dev/null; then\n  swiftlint\nelse\n  echo \"warning: SwiftLint not installed, download from https://github.com/realm/SwiftLint\"\nfi\n";
		};
/* End PBXShellScriptBuildPhase section */

/* Begin PBXSourcesBuildPhase section */
		78070FEC2C918C1B0039B44C /* Sources */ = {
			isa = PBXSourcesBuildPhase;
			buildActionMask = 2147483647;
			files = (
				78AC68EB2CA1137A00260BB3 /* CustomCameraViewController.swift in Sources */,
				781D3A672CAFAA5D00273755 /* Public+MCameraView.swift in Sources */,
				781D3A582CAFAA5D00273755 /* DefaultCameraPreview.swift in Sources */,
				78BAF0562C980B4500A5B418 /* TextInputViewController.swift in Sources */,
				781D3A772CAFAC7C00273755 /* Public+MTimer.swift in Sources */,
				781D3A762CAFAC7C00273755 /* Public+MTimer.Error.swift in Sources */,
				78AC68E82C9EF90800260BB3 /* NotificationCenterViewController.swift in Sources */,
				781D3A622CAFAA5D00273755 /* Public+MCameraMedia.swift in Sources */,
				780710412C9190C00039B44C /* CardViewController.swift in Sources */,
				781D3A482CAFAA5D00273755 /* AVCaptureVideoOrientation++.swift in Sources */,
				780710062C918DFB0039B44C /* AppDelegate.swift in Sources */,
				781D3A662CAFAA5D00273755 /* Public+MCameraPreview.swift in Sources */,
				781D3A542CAFAA5D00273755 /* View++.swift in Sources */,
				78070FF62C918C1B0039B44C /* ContentView.swift in Sources */,
				781D3A442CAFAA5D00273755 /* PostCameraConfig.swift in Sources */,
				780710462C92859B0039B44C /* FireStoreCardManager.swift in Sources */,
				781D3A472CAFAA5D00273755 /* AVCaptureDeviceInput++.swift in Sources */,
				781D3A5E2CAFAA5D00273755 /* Public+DefaultCameraView.swift in Sources */,
				781D3A4F2CAFAA5D00273755 /* Color++.swift in Sources */,
				781D3A572CAFAA5D00273755 /* DefaultCameraErrorView.swift in Sources */,
				787DB7CF2C998F5300350DEC /* ProfilePageViewController.swift in Sources */,
				781D3A732CAFAC7C00273755 /* MTime.swift in Sources */,
				781D3A4E2CAFAA5D00273755 /* CIImage++.swift in Sources */,
				781D3A4C2CAFAA5D00273755 /* CameraUtilities++.swift in Sources */,
				781D3A562CAFAA5D00273755 /* CameraExposure.swift in Sources */,
				78AC68E62C9D79E800260BB3 /* ImageAdjustmentVIewController.swift in Sources */,
				781D3A602CAFAA5D00273755 /* Public+PostCameraConfig.swift in Sources */,
				781D3A492CAFAA5D00273755 /* AVVideoComposition++.swift in Sources */,
				781D3A502CAFAA5D00273755 /* FileManager++.swift in Sources */,
				781D3A652CAFAA5D00273755 /* Public+MCameraErrorView.swift in Sources */,
				781D3A5F2CAFAA5D00273755 /* Public+MCameraController.swift in Sources */,
				781D3A722CAFAC7C00273755 /* NotificationCenter++.swift in Sources */,
				7807105C2C9605430039B44C /* FilterManager.swift in Sources */,
				78070FF42C918C1B0039B44C /* ToneDeckApp.swift in Sources */,
				78CA2F7D2CAC376F004E8414 /* Shader.metal in Sources */,
				78BAF0522C97F61500A5B418 /* FeedViewController.swift in Sources */,
				781D3A592CAFAA5D00273755 /* DefaultCameraView.swift in Sources */,
				781D3A452CAFAA5D00273755 /* Animation++.swift in Sources */,
				781D3A612CAFAA5D00273755 /* Public+CameraManager.swift in Sources */,
				781D3A532CAFAA5D00273755 /* UIView++.swift in Sources */,
				781D3A552CAFAA5D00273755 /* CameraManager.swift in Sources */,
				781D3A5B2CAFAA5D00273755 /* GridView.swift in Sources */,
				7870462C2CA2E5F200BA7CC2 /* NoFilterCameraView.swift in Sources */,
				781D3A5D2CAFAA5D00273755 /* MCameraController.swift in Sources */,
				781D3A632CAFAA5D00273755 /* Public+MApplicationDelegate.swift in Sources */,
				78CA2F792CAAF86C004E8414 /* ExtensionFireStoreService.swift in Sources */,
				781D3A512CAFAA5D00273755 /* UIImage.Orientation++.swift in Sources */,
				78AC68E22C9D1BE000260BB3 /* CommentViewCOntroller.swift in Sources */,
				78CA2F7B2CABC9FB004E8414 /* EditingProfileView.swift in Sources */,
				780710432C91DF720039B44C /* AddCardViewController.swift in Sources */,
				781D3A7A2CAFED7100273755 /* MeshGradient.swift in Sources */,
				781D3A4A2CAFAA5D00273755 /* Bundle++.swift in Sources */,
				781D3A5A2CAFAA5D00273755 /* ButtonScaleStyle.swift in Sources */,
				781D3A4B2CAFAA5D00273755 /* CALayer++.swift in Sources */,
				781D3A742CAFAC7C00273755 /* MTimer.swift in Sources */,
				781D3A5C2CAFAA5D00273755 /* CameraInputBridgeView.swift in Sources */,
				781D3A522CAFAA5D00273755 /* UIImageView++.swift in Sources */,
				781D3A752CAFAC7C00273755 /* Public+MTime.swift in Sources */,
				781D3A462CAFAA5D00273755 /* AVCaptureDevice++.swift in Sources */,
				781D3A642CAFAA5D00273755 /* Public+CameraUtilities.swift in Sources */,
				781D3A432CAFAA5D00273755 /* CameraConfig.swift in Sources */,
				780710572C9414FD0039B44C /* ApplyCardViewController.swift in Sources */,
				7855CCF82CBCE5530014453D /* Initial Page View.swift in Sources */,
				7807105A2C9565320039B44C /* HistogramManager.swift in Sources */,
				78BAF0542C980B0900A5B418 /* PhotoGridViewController.swift in Sources */,
				781D3A4D2CAFAA5D00273755 /* CaseIterable++.swift in Sources */,
			);
			runOnlyForDeploymentPostprocessing = 0;
		};
		788349FE2CC770DA00385ECA /* Sources */ = {
			isa = PBXSourcesBuildPhase;
			buildActionMask = 2147483647;
			files = (
				78834A052CC770DA00385ECA /* ToneDeckTests.swift in Sources */,
			);
			runOnlyForDeploymentPostprocessing = 0;
		};
/* End PBXSourcesBuildPhase section */

/* Begin PBXTargetDependency section */
		78834A072CC770DA00385ECA /* PBXTargetDependency */ = {
			isa = PBXTargetDependency;
			target = 78070FEF2C918C1B0039B44C /* ToneDeck */;
			targetProxy = 78834A062CC770DA00385ECA /* PBXContainerItemProxy */;
		};
/* End PBXTargetDependency section */

/* Begin XCBuildConfiguration section */
		78070FFC2C918C1E0039B44C /* Debug */ = {
			isa = XCBuildConfiguration;
			buildSettings = {
				ALWAYS_SEARCH_USER_PATHS = NO;
				ASSETCATALOG_COMPILER_GENERATE_SWIFT_ASSET_SYMBOL_EXTENSIONS = YES;
				CLANG_ANALYZER_NONNULL = YES;
				CLANG_ANALYZER_NUMBER_OBJECT_CONVERSION = YES_AGGRESSIVE;
				CLANG_CXX_LANGUAGE_STANDARD = "gnu++20";
				CLANG_ENABLE_MODULES = YES;
				CLANG_ENABLE_OBJC_ARC = YES;
				CLANG_ENABLE_OBJC_WEAK = YES;
				CLANG_WARN_BLOCK_CAPTURE_AUTORELEASING = YES;
				CLANG_WARN_BOOL_CONVERSION = YES;
				CLANG_WARN_COMMA = YES;
				CLANG_WARN_CONSTANT_CONVERSION = YES;
				CLANG_WARN_DEPRECATED_OBJC_IMPLEMENTATIONS = YES;
				CLANG_WARN_DIRECT_OBJC_ISA_USAGE = YES_ERROR;
				CLANG_WARN_DOCUMENTATION_COMMENTS = YES;
				CLANG_WARN_EMPTY_BODY = YES;
				CLANG_WARN_ENUM_CONVERSION = YES;
				CLANG_WARN_INFINITE_RECURSION = YES;
				CLANG_WARN_INT_CONVERSION = YES;
				CLANG_WARN_NON_LITERAL_NULL_CONVERSION = YES;
				CLANG_WARN_OBJC_IMPLICIT_RETAIN_SELF = YES;
				CLANG_WARN_OBJC_LITERAL_CONVERSION = YES;
				CLANG_WARN_OBJC_ROOT_CLASS = YES_ERROR;
				CLANG_WARN_QUOTED_INCLUDE_IN_FRAMEWORK_HEADER = YES;
				CLANG_WARN_RANGE_LOOP_ANALYSIS = YES;
				CLANG_WARN_STRICT_PROTOTYPES = YES;
				CLANG_WARN_SUSPICIOUS_MOVE = YES;
				CLANG_WARN_UNGUARDED_AVAILABILITY = YES_AGGRESSIVE;
				CLANG_WARN_UNREACHABLE_CODE = YES;
				CLANG_WARN__DUPLICATE_METHOD_MATCH = YES;
				COPY_PHASE_STRIP = NO;
				DEBUG_INFORMATION_FORMAT = "dwarf-with-dsym";
				ENABLE_STRICT_OBJC_MSGSEND = YES;
				ENABLE_TESTABILITY = YES;
				ENABLE_USER_SCRIPT_SANDBOXING = NO;
				GCC_C_LANGUAGE_STANDARD = gnu17;
				GCC_DYNAMIC_NO_PIC = NO;
				GCC_NO_COMMON_BLOCKS = YES;
				GCC_OPTIMIZATION_LEVEL = 0;
				GCC_PREPROCESSOR_DEFINITIONS = (
					"DEBUG=1",
					"$(inherited)",
				);
				GCC_WARN_64_TO_32_BIT_CONVERSION = YES;
				GCC_WARN_ABOUT_RETURN_TYPE = YES_ERROR;
				GCC_WARN_UNDECLARED_SELECTOR = YES;
				GCC_WARN_UNINITIALIZED_AUTOS = YES_AGGRESSIVE;
				GCC_WARN_UNUSED_FUNCTION = YES;
				GCC_WARN_UNUSED_VARIABLE = YES;
				IPHONEOS_DEPLOYMENT_TARGET = 17.0;
				LOCALIZATION_PREFERS_STRING_CATALOGS = YES;
				MTL_ENABLE_DEBUG_INFO = INCLUDE_SOURCE;
				MTL_FAST_MATH = YES;
				ONLY_ACTIVE_ARCH = YES;
				SDKROOT = iphoneos;
				SWIFT_ACTIVE_COMPILATION_CONDITIONS = "DEBUG $(inherited)";
				SWIFT_OPTIMIZATION_LEVEL = "-Onone";
			};
			name = Debug;
		};
		78070FFD2C918C1E0039B44C /* Release */ = {
			isa = XCBuildConfiguration;
			buildSettings = {
				ALWAYS_SEARCH_USER_PATHS = NO;
				ASSETCATALOG_COMPILER_GENERATE_SWIFT_ASSET_SYMBOL_EXTENSIONS = YES;
				CLANG_ANALYZER_NONNULL = YES;
				CLANG_ANALYZER_NUMBER_OBJECT_CONVERSION = YES_AGGRESSIVE;
				CLANG_CXX_LANGUAGE_STANDARD = "gnu++20";
				CLANG_ENABLE_MODULES = YES;
				CLANG_ENABLE_OBJC_ARC = YES;
				CLANG_ENABLE_OBJC_WEAK = YES;
				CLANG_WARN_BLOCK_CAPTURE_AUTORELEASING = YES;
				CLANG_WARN_BOOL_CONVERSION = YES;
				CLANG_WARN_COMMA = YES;
				CLANG_WARN_CONSTANT_CONVERSION = YES;
				CLANG_WARN_DEPRECATED_OBJC_IMPLEMENTATIONS = YES;
				CLANG_WARN_DIRECT_OBJC_ISA_USAGE = YES_ERROR;
				CLANG_WARN_DOCUMENTATION_COMMENTS = YES;
				CLANG_WARN_EMPTY_BODY = YES;
				CLANG_WARN_ENUM_CONVERSION = YES;
				CLANG_WARN_INFINITE_RECURSION = YES;
				CLANG_WARN_INT_CONVERSION = YES;
				CLANG_WARN_NON_LITERAL_NULL_CONVERSION = YES;
				CLANG_WARN_OBJC_IMPLICIT_RETAIN_SELF = YES;
				CLANG_WARN_OBJC_LITERAL_CONVERSION = YES;
				CLANG_WARN_OBJC_ROOT_CLASS = YES_ERROR;
				CLANG_WARN_QUOTED_INCLUDE_IN_FRAMEWORK_HEADER = YES;
				CLANG_WARN_RANGE_LOOP_ANALYSIS = YES;
				CLANG_WARN_STRICT_PROTOTYPES = YES;
				CLANG_WARN_SUSPICIOUS_MOVE = YES;
				CLANG_WARN_UNGUARDED_AVAILABILITY = YES_AGGRESSIVE;
				CLANG_WARN_UNREACHABLE_CODE = YES;
				CLANG_WARN__DUPLICATE_METHOD_MATCH = YES;
				COPY_PHASE_STRIP = NO;
				DEBUG_INFORMATION_FORMAT = "dwarf-with-dsym";
				ENABLE_NS_ASSERTIONS = NO;
				ENABLE_STRICT_OBJC_MSGSEND = YES;
				ENABLE_USER_SCRIPT_SANDBOXING = NO;
				GCC_C_LANGUAGE_STANDARD = gnu17;
				GCC_NO_COMMON_BLOCKS = YES;
				GCC_WARN_64_TO_32_BIT_CONVERSION = YES;
				GCC_WARN_ABOUT_RETURN_TYPE = YES_ERROR;
				GCC_WARN_UNDECLARED_SELECTOR = YES;
				GCC_WARN_UNINITIALIZED_AUTOS = YES_AGGRESSIVE;
				GCC_WARN_UNUSED_FUNCTION = YES;
				GCC_WARN_UNUSED_VARIABLE = YES;
				IPHONEOS_DEPLOYMENT_TARGET = 17.0;
				LOCALIZATION_PREFERS_STRING_CATALOGS = YES;
				MTL_ENABLE_DEBUG_INFO = NO;
				MTL_FAST_MATH = YES;
				SDKROOT = iphoneos;
				SWIFT_COMPILATION_MODE = wholemodule;
				VALIDATE_PRODUCT = YES;
			};
			name = Release;
		};
		78070FFF2C918C1E0039B44C /* Debug */ = {
			isa = XCBuildConfiguration;
			buildSettings = {
				ASSETCATALOG_COMPILER_APPICON_NAME = AppIcon;
				ASSETCATALOG_COMPILER_GLOBAL_ACCENT_COLOR_NAME = AccentColor;
				CODE_SIGN_ENTITLEMENTS = ToneDeck/ToneDeck.entitlements;
				CODE_SIGN_STYLE = Automatic;
				CURRENT_PROJECT_VERSION = 2;
				DEVELOPMENT_ASSET_PATHS = "\"ToneDeck/Preview Content\"";
				DEVELOPMENT_TEAM = 9CYNC2N5UU;
				ENABLE_PREVIEWS = YES;
				GENERATE_INFOPLIST_FILE = YES;
				INFOPLIST_FILE = ToneDeck/Info.plist;
				INFOPLIST_KEY_CFBundleDisplayName = ToneDeck;
				INFOPLIST_KEY_NSCameraUsageDescription = "ToneDeck requires access to your camera to allow you to capture photos and apply real-time filters directly within the app.";
				INFOPLIST_KEY_NSMicrophoneUsageDescription = "ToneDeck needs access to your microphone to enable audio recording when using video capture features with filters.";
				INFOPLIST_KEY_NSPhotoLibraryUsageDescription = "ToneDeck needs access to your photo library so you can upload images and apply custom filters or edit your existing photos.";
				INFOPLIST_KEY_UIApplicationSceneManifest_Generation = YES;
				INFOPLIST_KEY_UIApplicationSupportsIndirectInputEvents = YES;
				INFOPLIST_KEY_UILaunchScreen_Generation = YES;
				INFOPLIST_KEY_UISupportedInterfaceOrientations = UIInterfaceOrientationPortrait;
				INFOPLIST_KEY_UISupportedInterfaceOrientations_iPad = "UIInterfaceOrientationLandscapeLeft UIInterfaceOrientationLandscapeRight UIInterfaceOrientationPortrait UIInterfaceOrientationPortraitUpsideDown";
				INFOPLIST_KEY_UIUserInterfaceStyle = Dark;
				IPHONEOS_DEPLOYMENT_TARGET = 17.0;
				LD_RUNPATH_SEARCH_PATHS = (
					"$(inherited)",
					"@executable_path/Frameworks",
				);
				MARKETING_VERSION = 1.0.3;
				PRODUCT_BUNDLE_IDENTIFIER = com.StingHsieh.ToneDeck;
				PRODUCT_NAME = "$(TARGET_NAME)";
				SUPPORTED_PLATFORMS = "iphoneos iphonesimulator";
				SUPPORTS_MACCATALYST = NO;
				SWIFT_EMIT_LOC_STRINGS = YES;
				SWIFT_VERSION = 5.0;
				TARGETED_DEVICE_FAMILY = 1;
			};
			name = Debug;
		};
		780710002C918C1E0039B44C /* Release */ = {
			isa = XCBuildConfiguration;
			buildSettings = {
				ASSETCATALOG_COMPILER_APPICON_NAME = AppIcon;
				ASSETCATALOG_COMPILER_GLOBAL_ACCENT_COLOR_NAME = AccentColor;
				CODE_SIGN_ENTITLEMENTS = ToneDeck/ToneDeck.entitlements;
				CODE_SIGN_STYLE = Automatic;
				CURRENT_PROJECT_VERSION = 2;
				DEVELOPMENT_ASSET_PATHS = "\"ToneDeck/Preview Content\"";
				DEVELOPMENT_TEAM = 9CYNC2N5UU;
				ENABLE_PREVIEWS = YES;
				GENERATE_INFOPLIST_FILE = YES;
				INFOPLIST_FILE = ToneDeck/Info.plist;
				INFOPLIST_KEY_CFBundleDisplayName = ToneDeck;
				INFOPLIST_KEY_NSCameraUsageDescription = "ToneDeck requires access to your camera to allow you to capture photos and apply real-time filters directly within the app.";
				INFOPLIST_KEY_NSMicrophoneUsageDescription = "ToneDeck needs access to your microphone to enable audio recording when using video capture features with filters.";
				INFOPLIST_KEY_NSPhotoLibraryUsageDescription = "ToneDeck needs access to your photo library so you can upload images and apply custom filters or edit your existing photos.";
				INFOPLIST_KEY_UIApplicationSceneManifest_Generation = YES;
				INFOPLIST_KEY_UIApplicationSupportsIndirectInputEvents = YES;
				INFOPLIST_KEY_UILaunchScreen_Generation = YES;
				INFOPLIST_KEY_UISupportedInterfaceOrientations = UIInterfaceOrientationPortrait;
				INFOPLIST_KEY_UISupportedInterfaceOrientations_iPad = "UIInterfaceOrientationLandscapeLeft UIInterfaceOrientationLandscapeRight UIInterfaceOrientationPortrait UIInterfaceOrientationPortraitUpsideDown";
				INFOPLIST_KEY_UIUserInterfaceStyle = Dark;
				IPHONEOS_DEPLOYMENT_TARGET = 17.0;
				LD_RUNPATH_SEARCH_PATHS = (
					"$(inherited)",
					"@executable_path/Frameworks",
				);
				MARKETING_VERSION = 1.0.3;
				PRODUCT_BUNDLE_IDENTIFIER = com.StingHsieh.ToneDeck;
				PRODUCT_NAME = "$(TARGET_NAME)";
				SUPPORTED_PLATFORMS = "iphoneos iphonesimulator";
				SUPPORTS_MACCATALYST = NO;
				SWIFT_EMIT_LOC_STRINGS = YES;
				SWIFT_VERSION = 5.0;
				TARGETED_DEVICE_FAMILY = 1;
			};
			name = Release;
		};
		78834A092CC770DA00385ECA /* Debug */ = {
			isa = XCBuildConfiguration;
			buildSettings = {
				BUNDLE_LOADER = "$(TEST_HOST)";
				CODE_SIGN_STYLE = Automatic;
				CURRENT_PROJECT_VERSION = 1;
				DEBUG_INFORMATION_FORMAT = dwarf;
				DEVELOPMENT_TEAM = 9CYNC2N5UU;
				ENABLE_USER_SCRIPT_SANDBOXING = YES;
				GENERATE_INFOPLIST_FILE = YES;
				IPHONEOS_DEPLOYMENT_TARGET = 17.5;
				MARKETING_VERSION = 1.0;
				PRODUCT_BUNDLE_IDENTIFIER = com.StingHsieh.ToneDeckTests;
				PRODUCT_NAME = "$(TARGET_NAME)";
				SWIFT_EMIT_LOC_STRINGS = NO;
				SWIFT_VERSION = 5.0;
				TARGETED_DEVICE_FAMILY = "1,2";
				TEST_HOST = "$(BUILT_PRODUCTS_DIR)/ToneDeck.app/$(BUNDLE_EXECUTABLE_FOLDER_PATH)/ToneDeck";
			};
			name = Debug;
		};
		78834A0A2CC770DA00385ECA /* Release */ = {
			isa = XCBuildConfiguration;
			buildSettings = {
				BUNDLE_LOADER = "$(TEST_HOST)";
				CODE_SIGN_STYLE = Automatic;
				CURRENT_PROJECT_VERSION = 1;
				DEVELOPMENT_TEAM = 9CYNC2N5UU;
				ENABLE_USER_SCRIPT_SANDBOXING = YES;
				GENERATE_INFOPLIST_FILE = YES;
				IPHONEOS_DEPLOYMENT_TARGET = 17.5;
				MARKETING_VERSION = 1.0;
				PRODUCT_BUNDLE_IDENTIFIER = com.StingHsieh.ToneDeckTests;
				PRODUCT_NAME = "$(TARGET_NAME)";
				SWIFT_EMIT_LOC_STRINGS = NO;
				SWIFT_VERSION = 5.0;
				TARGETED_DEVICE_FAMILY = "1,2";
				TEST_HOST = "$(BUILT_PRODUCTS_DIR)/ToneDeck.app/$(BUNDLE_EXECUTABLE_FOLDER_PATH)/ToneDeck";
			};
			name = Release;
		};
/* End XCBuildConfiguration section */

/* Begin XCConfigurationList section */
		78070FEB2C918C1B0039B44C /* Build configuration list for PBXProject "ToneDeck" */ = {
			isa = XCConfigurationList;
			buildConfigurations = (
				78070FFC2C918C1E0039B44C /* Debug */,
				78070FFD2C918C1E0039B44C /* Release */,
			);
			defaultConfigurationIsVisible = 0;
			defaultConfigurationName = Release;
		};
		78070FFE2C918C1E0039B44C /* Build configuration list for PBXNativeTarget "ToneDeck" */ = {
			isa = XCConfigurationList;
			buildConfigurations = (
				78070FFF2C918C1E0039B44C /* Debug */,
				780710002C918C1E0039B44C /* Release */,
			);
			defaultConfigurationIsVisible = 0;
			defaultConfigurationName = Release;
		};
		78834A082CC770DA00385ECA /* Build configuration list for PBXNativeTarget "ToneDeckTests" */ = {
			isa = XCConfigurationList;
			buildConfigurations = (
				78834A092CC770DA00385ECA /* Debug */,
				78834A0A2CC770DA00385ECA /* Release */,
			);
			defaultConfigurationIsVisible = 0;
			defaultConfigurationName = Release;
		};
/* End XCConfigurationList section */

/* Begin XCRemoteSwiftPackageReference section */
		780710362C9190130039B44C /* XCRemoteSwiftPackageReference "firebase-ios-sdk" */ = {
			isa = XCRemoteSwiftPackageReference;
			repositoryURL = "https://github.com/firebase/firebase-ios-sdk";
			requirement = {
				kind = upToNextMajorVersion;
				minimumVersion = 11.2.0;
			};
		};
		780710472C9286FB0039B44C /* XCRemoteSwiftPackageReference "Kingfisher" */ = {
			isa = XCRemoteSwiftPackageReference;
			repositoryURL = "https://github.com/onevcat/Kingfisher";
			requirement = {
				kind = upToNextMajorVersion;
				minimumVersion = 7.12.0;
			};
		};
		7870462E2CA5638F00BA7CC2 /* XCRemoteSwiftPackageReference "AlertKit" */ = {
			isa = XCRemoteSwiftPackageReference;
			repositoryURL = "https://github.com/sparrowcode/AlertKit.git";
			requirement = {
				kind = upToNextMajorVersion;
				minimumVersion = 5.1.9;
			};
		};
		78BAF0572C980FF300A5B418 /* XCRemoteSwiftPackageReference "IQKeyboardManager" */ = {
			isa = XCRemoteSwiftPackageReference;
			repositoryURL = "https://github.com/hackiftekhar/IQKeyboardManager.git";
			requirement = {
				kind = upToNextMajorVersion;
				minimumVersion = 7.1.1;
			};
		};
/* End XCRemoteSwiftPackageReference section */

/* Begin XCSwiftPackageProductDependency section */
		780710372C9190130039B44C /* FirebaseAuth */ = {
			isa = XCSwiftPackageProductDependency;
			package = 780710362C9190130039B44C /* XCRemoteSwiftPackageReference "firebase-ios-sdk" */;
			productName = FirebaseAuth;
		};
		780710392C9190130039B44C /* FirebaseDatabase */ = {
			isa = XCSwiftPackageProductDependency;
			package = 780710362C9190130039B44C /* XCRemoteSwiftPackageReference "firebase-ios-sdk" */;
			productName = FirebaseDatabase;
		};
		7807103B2C9190130039B44C /* FirebaseFirestore */ = {
			isa = XCSwiftPackageProductDependency;
			package = 780710362C9190130039B44C /* XCRemoteSwiftPackageReference "firebase-ios-sdk" */;
			productName = FirebaseFirestore;
		};
		7807103D2C9190130039B44C /* FirebaseStorage */ = {
			isa = XCSwiftPackageProductDependency;
			package = 780710362C9190130039B44C /* XCRemoteSwiftPackageReference "firebase-ios-sdk" */;
			productName = FirebaseStorage;
		};
		780710482C9286FB0039B44C /* Kingfisher */ = {
			isa = XCSwiftPackageProductDependency;
			package = 780710472C9286FB0039B44C /* XCRemoteSwiftPackageReference "Kingfisher" */;
			productName = Kingfisher;
		};
		7855CCEE2CBCC50A0014453D /* FirebaseAnalytics */ = {
			isa = XCSwiftPackageProductDependency;
			productName = FirebaseAnalytics;
		};
		7855CCF02CBCC50A0014453D /* FirebaseAnalyticsOnDeviceConversion */ = {
			isa = XCSwiftPackageProductDependency;
			productName = FirebaseAnalyticsOnDeviceConversion;
		};
		7855CCF22CBCC50A0014453D /* FirebaseAnalyticsWithoutAdIdSupport */ = {
			isa = XCSwiftPackageProductDependency;
			productName = FirebaseAnalyticsWithoutAdIdSupport;
		};
		7855CCF42CBCC50A0014453D /* FirebaseCrashlytics */ = {
			isa = XCSwiftPackageProductDependency;
			productName = FirebaseCrashlytics;
		};
		7870462F2CA5638F00BA7CC2 /* AlertKit */ = {
			isa = XCSwiftPackageProductDependency;
			package = 7870462E2CA5638F00BA7CC2 /* XCRemoteSwiftPackageReference "AlertKit" */;
			productName = AlertKit;
		};
		78BAF0582C980FF300A5B418 /* IQKeyboardManagerSwift */ = {
			isa = XCSwiftPackageProductDependency;
			package = 78BAF0572C980FF300A5B418 /* XCRemoteSwiftPackageReference "IQKeyboardManager" */;
			productName = IQKeyboardManagerSwift;
		};
/* End XCSwiftPackageProductDependency section */
	};
	rootObject = 78070FE82C918C1B0039B44C /* Project object */;
}
