// !$*UTF8*$!
{
	archiveVersion = 1;
	classes = {
	};
	objectVersion = 56;
	objects = {

/* Begin PBXBuildFile section */
		78070FF42C918C1B0039B44C /* ToneDeckApp.swift in Sources */ = {isa = PBXBuildFile; fileRef = 78070FF32C918C1B0039B44C /* ToneDeckApp.swift */; };
		78070FF62C918C1B0039B44C /* ContentView.swift in Sources */ = {isa = PBXBuildFile; fileRef = 78070FF52C918C1B0039B44C /* ContentView.swift */; };
		78070FF82C918C1E0039B44C /* Assets.xcassets in Resources */ = {isa = PBXBuildFile; fileRef = 78070FF72C918C1E0039B44C /* Assets.xcassets */; };
		78070FFB2C918C1E0039B44C /* Preview Assets.xcassets in Resources */ = {isa = PBXBuildFile; fileRef = 78070FFA2C918C1E0039B44C /* Preview Assets.xcassets */; };
		780710062C918DFB0039B44C /* AppDelegate.swift in Sources */ = {isa = PBXBuildFile; fileRef = 780710052C918DFB0039B44C /* AppDelegate.swift */; };
		780710382C9190130039B44C /* FirebaseAuth in Frameworks */ = {isa = PBXBuildFile; productRef = 780710372C9190130039B44C /* FirebaseAuth */; };
		7807103A2C9190130039B44C /* FirebaseDatabase in Frameworks */ = {isa = PBXBuildFile; productRef = 780710392C9190130039B44C /* FirebaseDatabase */; };
		7807103C2C9190130039B44C /* FirebaseFirestore in Frameworks */ = {isa = PBXBuildFile; productRef = 7807103B2C9190130039B44C /* FirebaseFirestore */; };
		7807103E2C9190130039B44C /* FirebaseStorage in Frameworks */ = {isa = PBXBuildFile; productRef = 7807103D2C9190130039B44C /* FirebaseStorage */; };
		780710412C9190C00039B44C /* CardViewController.swift in Sources */ = {isa = PBXBuildFile; fileRef = 780710402C9190C00039B44C /* CardViewController.swift */; };
		780710432C91DF720039B44C /* AddCardViewController.swift in Sources */ = {isa = PBXBuildFile; fileRef = 780710422C91DF720039B44C /* AddCardViewController.swift */; };
		780710462C92859B0039B44C /* FireStoreCardManager.swift in Sources */ = {isa = PBXBuildFile; fileRef = 780710452C92859B0039B44C /* FireStoreCardManager.swift */; };
		780710492C9286FB0039B44C /* Kingfisher in Frameworks */ = {isa = PBXBuildFile; productRef = 780710482C9286FB0039B44C /* Kingfisher */; };
		780710552C9407840039B44C /* CameraViewController.swift in Sources */ = {isa = PBXBuildFile; fileRef = 780710542C9407840039B44C /* CameraViewController.swift */; };
		780710572C9414FD0039B44C /* ApplyCardViewController.swift in Sources */ = {isa = PBXBuildFile; fileRef = 780710562C9414FC0039B44C /* ApplyCardViewController.swift */; };
		7807105A2C9565320039B44C /* HistogramManager.swift in Sources */ = {isa = PBXBuildFile; fileRef = 780710592C9565320039B44C /* HistogramManager.swift */; };
		7807105C2C9605430039B44C /* FilterManager.swift in Sources */ = {isa = PBXBuildFile; fileRef = 7807105B2C9605430039B44C /* FilterManager.swift */; };
		784E6BE72C9A773D004533C0 /* GoogleService-Info.plist in Resources */ = {isa = PBXBuildFile; fileRef = 784E6BE62C9A773D004533C0 /* GoogleService-Info.plist */; };
		787DB7CF2C998F5300350DEC /* ProfilePageViewController.swift in Sources */ = {isa = PBXBuildFile; fileRef = 787DB7CE2C998F5300350DEC /* ProfilePageViewController.swift */; };
		78AC68E22C9D1BE000260BB3 /* CommentViewCOntroller.swift in Sources */ = {isa = PBXBuildFile; fileRef = 78AC68E12C9D1BE000260BB3 /* CommentViewCOntroller.swift */; };
		78BAF0522C97F61500A5B418 /* FeedViewController.swift in Sources */ = {isa = PBXBuildFile; fileRef = 78BAF0512C97F61500A5B418 /* FeedViewController.swift */; };
		78BAF0542C980B0900A5B418 /* PhotoGridViewController.swift in Sources */ = {isa = PBXBuildFile; fileRef = 78BAF0532C980B0900A5B418 /* PhotoGridViewController.swift */; };
		78BAF0562C980B4500A5B418 /* TextInputViewController.swift in Sources */ = {isa = PBXBuildFile; fileRef = 78BAF0552C980B4500A5B418 /* TextInputViewController.swift */; };
		78BAF0592C980FF300A5B418 /* IQKeyboardManagerSwift in Frameworks */ = {isa = PBXBuildFile; productRef = 78BAF0582C980FF300A5B418 /* IQKeyboardManagerSwift */; };
/* End PBXBuildFile section */

/* Begin PBXFileReference section */
		78070FF02C918C1B0039B44C /* ToneDeck.app */ = {isa = PBXFileReference; explicitFileType = wrapper.application; includeInIndex = 0; path = ToneDeck.app; sourceTree = BUILT_PRODUCTS_DIR; };
		78070FF32C918C1B0039B44C /* ToneDeckApp.swift */ = {isa = PBXFileReference; lastKnownFileType = sourcecode.swift; path = ToneDeckApp.swift; sourceTree = "<group>"; };
		78070FF52C918C1B0039B44C /* ContentView.swift */ = {isa = PBXFileReference; lastKnownFileType = sourcecode.swift; path = ContentView.swift; sourceTree = "<group>"; };
		78070FF72C918C1E0039B44C /* Assets.xcassets */ = {isa = PBXFileReference; lastKnownFileType = folder.assetcatalog; path = Assets.xcassets; sourceTree = "<group>"; };
		78070FFA2C918C1E0039B44C /* Preview Assets.xcassets */ = {isa = PBXFileReference; lastKnownFileType = folder.assetcatalog; path = "Preview Assets.xcassets"; sourceTree = "<group>"; };
		780710052C918DFB0039B44C /* AppDelegate.swift */ = {isa = PBXFileReference; lastKnownFileType = sourcecode.swift; path = AppDelegate.swift; sourceTree = "<group>"; };
		780710402C9190C00039B44C /* CardViewController.swift */ = {isa = PBXFileReference; lastKnownFileType = sourcecode.swift; path = CardViewController.swift; sourceTree = "<group>"; };
		780710422C91DF720039B44C /* AddCardViewController.swift */ = {isa = PBXFileReference; lastKnownFileType = sourcecode.swift; path = AddCardViewController.swift; sourceTree = "<group>"; };
		780710452C92859B0039B44C /* FireStoreCardManager.swift */ = {isa = PBXFileReference; lastKnownFileType = sourcecode.swift; path = FireStoreCardManager.swift; sourceTree = "<group>"; };
		780710542C9407840039B44C /* CameraViewController.swift */ = {isa = PBXFileReference; lastKnownFileType = sourcecode.swift; path = CameraViewController.swift; sourceTree = "<group>"; };
		780710562C9414FC0039B44C /* ApplyCardViewController.swift */ = {isa = PBXFileReference; lastKnownFileType = sourcecode.swift; path = ApplyCardViewController.swift; sourceTree = "<group>"; };
		780710582C9442CF0039B44C /* Info.plist */ = {isa = PBXFileReference; lastKnownFileType = text.plist; path = Info.plist; sourceTree = "<group>"; };
		780710592C9565320039B44C /* HistogramManager.swift */ = {isa = PBXFileReference; lastKnownFileType = sourcecode.swift; path = HistogramManager.swift; sourceTree = "<group>"; };
		7807105B2C9605430039B44C /* FilterManager.swift */ = {isa = PBXFileReference; lastKnownFileType = sourcecode.swift; path = FilterManager.swift; sourceTree = "<group>"; };
		784E6BE62C9A773D004533C0 /* GoogleService-Info.plist */ = {isa = PBXFileReference; fileEncoding = 4; lastKnownFileType = text.plist.xml; path = "GoogleService-Info.plist"; sourceTree = SOURCE_ROOT; };
		787DB7CE2C998F5300350DEC /* ProfilePageViewController.swift */ = {isa = PBXFileReference; lastKnownFileType = sourcecode.swift; path = ProfilePageViewController.swift; sourceTree = "<group>"; };
		78AC68E12C9D1BE000260BB3 /* CommentViewCOntroller.swift */ = {isa = PBXFileReference; lastKnownFileType = sourcecode.swift; path = CommentViewCOntroller.swift; sourceTree = "<group>"; };
		78BAF0512C97F61500A5B418 /* FeedViewController.swift */ = {isa = PBXFileReference; lastKnownFileType = sourcecode.swift; path = FeedViewController.swift; sourceTree = "<group>"; };
		78BAF0532C980B0900A5B418 /* PhotoGridViewController.swift */ = {isa = PBXFileReference; lastKnownFileType = sourcecode.swift; path = PhotoGridViewController.swift; sourceTree = "<group>"; };
		78BAF0552C980B4500A5B418 /* TextInputViewController.swift */ = {isa = PBXFileReference; lastKnownFileType = sourcecode.swift; path = TextInputViewController.swift; sourceTree = "<group>"; };
/* End PBXFileReference section */

/* Begin PBXFrameworksBuildPhase section */
		78070FED2C918C1B0039B44C /* Frameworks */ = {
			isa = PBXFrameworksBuildPhase;
			buildActionMask = 2147483647;
			files = (
				7807103A2C9190130039B44C /* FirebaseDatabase in Frameworks */,
				7807103E2C9190130039B44C /* FirebaseStorage in Frameworks */,
				780710382C9190130039B44C /* FirebaseAuth in Frameworks */,
				7807103C2C9190130039B44C /* FirebaseFirestore in Frameworks */,
				780710492C9286FB0039B44C /* Kingfisher in Frameworks */,
				78BAF0592C980FF300A5B418 /* IQKeyboardManagerSwift in Frameworks */,
			);
			runOnlyForDeploymentPostprocessing = 0;
		};
/* End PBXFrameworksBuildPhase section */

/* Begin PBXGroup section */
		78070FE72C918C1B0039B44C = {
			isa = PBXGroup;
			children = (
				78070FF22C918C1B0039B44C /* ToneDeck */,
				78070FF12C918C1B0039B44C /* Products */,
			);
			sourceTree = "<group>";
		};
		78070FF12C918C1B0039B44C /* Products */ = {
			isa = PBXGroup;
			children = (
				78070FF02C918C1B0039B44C /* ToneDeck.app */,
			);
			name = Products;
			sourceTree = "<group>";
		};
		78070FF22C918C1B0039B44C /* ToneDeck */ = {
			isa = PBXGroup;
			children = (
				780710582C9442CF0039B44C /* Info.plist */,
				78070FF32C918C1B0039B44C /* ToneDeckApp.swift */,
				78070FF52C918C1B0039B44C /* ContentView.swift */,
				780710052C918DFB0039B44C /* AppDelegate.swift */,
				780710442C9285730039B44C /* Manager */,
				7807103F2C9190A60039B44C /* ViewController */,
				78070FF72C918C1E0039B44C /* Assets.xcassets */,
				784E6BE62C9A773D004533C0 /* GoogleService-Info.plist */,
				78070FF92C918C1E0039B44C /* Preview Content */,
			);
			path = ToneDeck;
			sourceTree = "<group>";
		};
		78070FF92C918C1E0039B44C /* Preview Content */ = {
			isa = PBXGroup;
			children = (
				78070FFA2C918C1E0039B44C /* Preview Assets.xcassets */,
			);
			path = "Preview Content";
			sourceTree = "<group>";
		};
		7807103F2C9190A60039B44C /* ViewController */ = {
			isa = PBXGroup;
			children = (
				780710402C9190C00039B44C /* CardViewController.swift */,
				780710422C91DF720039B44C /* AddCardViewController.swift */,
				780710542C9407840039B44C /* CameraViewController.swift */,
				780710562C9414FC0039B44C /* ApplyCardViewController.swift */,
				78BAF0512C97F61500A5B418 /* FeedViewController.swift */,
				78BAF0532C980B0900A5B418 /* PhotoGridViewController.swift */,
				78AC68E12C9D1BE000260BB3 /* CommentViewCOntroller.swift */,
				78BAF0552C980B4500A5B418 /* TextInputViewController.swift */,
				787DB7CE2C998F5300350DEC /* ProfilePageViewController.swift */,
			);
			path = ViewController;
			sourceTree = "<group>";
		};
		780710442C9285730039B44C /* Manager */ = {
			isa = PBXGroup;
			children = (
				780710452C92859B0039B44C /* FireStoreCardManager.swift */,
				780710592C9565320039B44C /* HistogramManager.swift */,
				7807105B2C9605430039B44C /* FilterManager.swift */,
			);
			path = Manager;
			sourceTree = "<group>";
		};
/* End PBXGroup section */

/* Begin PBXNativeTarget section */
		78070FEF2C918C1B0039B44C /* ToneDeck */ = {
			isa = PBXNativeTarget;
			buildConfigurationList = 78070FFE2C918C1E0039B44C /* Build configuration list for PBXNativeTarget "ToneDeck" */;
			buildPhases = (
				78070FEC2C918C1B0039B44C /* Sources */,
				78070FED2C918C1B0039B44C /* Frameworks */,
				78070FEE2C918C1B0039B44C /* Resources */,
				78BAF0502C97D8BA00A5B418 /* ShellScript */,
			);
			buildRules = (
			);
			dependencies = (
			);
			name = ToneDeck;
			packageProductDependencies = (
				780710372C9190130039B44C /* FirebaseAuth */,
				780710392C9190130039B44C /* FirebaseDatabase */,
				7807103B2C9190130039B44C /* FirebaseFirestore */,
				7807103D2C9190130039B44C /* FirebaseStorage */,
				780710482C9286FB0039B44C /* Kingfisher */,
				78BAF0582C980FF300A5B418 /* IQKeyboardManagerSwift */,
			);
			productName = ToneDeck;
			productReference = 78070FF02C918C1B0039B44C /* ToneDeck.app */;
			productType = "com.apple.product-type.application";
		};
/* End PBXNativeTarget section */

/* Begin PBXProject section */
		78070FE82C918C1B0039B44C /* Project object */ = {
			isa = PBXProject;
			attributes = {
				BuildIndependentTargetsInParallel = NO;
				LastSwiftUpdateCheck = 1540;
				LastUpgradeCheck = 1540;
				TargetAttributes = {
					78070FEF2C918C1B0039B44C = {
						CreatedOnToolsVersion = 15.4;
					};
				};
			};
			buildConfigurationList = 78070FEB2C918C1B0039B44C /* Build configuration list for PBXProject "ToneDeck" */;
			compatibilityVersion = "Xcode 14.0";
			developmentRegion = en;
			hasScannedForEncodings = 0;
			knownRegions = (
				en,
				Base,
			);
			mainGroup = 78070FE72C918C1B0039B44C;
			packageReferences = (
				780710362C9190130039B44C /* XCRemoteSwiftPackageReference "firebase-ios-sdk" */,
				780710472C9286FB0039B44C /* XCRemoteSwiftPackageReference "Kingfisher" */,
				78BAF0572C980FF300A5B418 /* XCRemoteSwiftPackageReference "IQKeyboardManager" */,
			);
			productRefGroup = 78070FF12C918C1B0039B44C /* Products */;
			projectDirPath = "";
			projectRoot = "";
			targets = (
				78070FEF2C918C1B0039B44C /* ToneDeck */,
			);
		};
/* End PBXProject section */

/* Begin PBXResourcesBuildPhase section */
		78070FEE2C918C1B0039B44C /* Resources */ = {
			isa = PBXResourcesBuildPhase;
			buildActionMask = 2147483647;
			files = (
				78070FFB2C918C1E0039B44C /* Preview Assets.xcassets in Resources */,
				78070FF82C918C1E0039B44C /* Assets.xcassets in Resources */,
				784E6BE72C9A773D004533C0 /* GoogleService-Info.plist in Resources */,
			);
			runOnlyForDeploymentPostprocessing = 0;
		};
/* End PBXResourcesBuildPhase section */

/* Begin PBXShellScriptBuildPhase section */
		78BAF0502C97D8BA00A5B418 /* ShellScript */ = {
			isa = PBXShellScriptBuildPhase;
			buildActionMask = 2147483647;
			files = (
			);
			inputFileListPaths = (
			);
			inputPaths = (
			);
			outputFileListPaths = (
			);
			outputPaths = (
			);
			runOnlyForDeploymentPostprocessing = 0;
			shellPath = /bin/sh;
			shellScript = "# Type a script or drag a script file from your workspace to insert its path.\nif which swiftlint >/dev/null; then\n  swiftlint\nelse\n  echo \"warning: SwiftLint not installed, download from https://github.com/realm/SwiftLint\"\nfi\n";
		};
/* End PBXShellScriptBuildPhase section */

/* Begin PBXSourcesBuildPhase section */
		78070FEC2C918C1B0039B44C /* Sources */ = {
			isa = PBXSourcesBuildPhase;
			buildActionMask = 2147483647;
			files = (
				78BAF0562C980B4500A5B418 /* TextInputViewController.swift in Sources */,
				780710412C9190C00039B44C /* CardViewController.swift in Sources */,
				780710062C918DFB0039B44C /* AppDelegate.swift in Sources */,
				78070FF62C918C1B0039B44C /* ContentView.swift in Sources */,
				780710462C92859B0039B44C /* FireStoreCardManager.swift in Sources */,
				787DB7CF2C998F5300350DEC /* ProfilePageViewController.swift in Sources */,
				780710552C9407840039B44C /* CameraViewController.swift in Sources */,
				7807105C2C9605430039B44C /* FilterManager.swift in Sources */,
				78070FF42C918C1B0039B44C /* ToneDeckApp.swift in Sources */,
				78BAF0522C97F61500A5B418 /* FeedViewController.swift in Sources */,
				78AC68E22C9D1BE000260BB3 /* CommentViewCOntroller.swift in Sources */,
				780710432C91DF720039B44C /* AddCardViewController.swift in Sources */,
				780710572C9414FD0039B44C /* ApplyCardViewController.swift in Sources */,
				7807105A2C9565320039B44C /* HistogramManager.swift in Sources */,
				78BAF0542C980B0900A5B418 /* PhotoGridViewController.swift in Sources */,
			);
			runOnlyForDeploymentPostprocessing = 0;
		};
/* End PBXSourcesBuildPhase section */

/* Begin XCBuildConfiguration section */
		78070FFC2C918C1E0039B44C /* Debug */ = {
			isa = XCBuildConfiguration;
			buildSettings = {
				ALWAYS_SEARCH_USER_PATHS = NO;
				ASSETCATALOG_COMPILER_GENERATE_SWIFT_ASSET_SYMBOL_EXTENSIONS = YES;
				CLANG_ANALYZER_NONNULL = YES;
				CLANG_ANALYZER_NUMBER_OBJECT_CONVERSION = YES_AGGRESSIVE;
				CLANG_CXX_LANGUAGE_STANDARD = "gnu++20";
				CLANG_ENABLE_MODULES = YES;
				CLANG_ENABLE_OBJC_ARC = YES;
				CLANG_ENABLE_OBJC_WEAK = YES;
				CLANG_WARN_BLOCK_CAPTURE_AUTORELEASING = YES;
				CLANG_WARN_BOOL_CONVERSION = YES;
				CLANG_WARN_COMMA = YES;
				CLANG_WARN_CONSTANT_CONVERSION = YES;
				CLANG_WARN_DEPRECATED_OBJC_IMPLEMENTATIONS = YES;
				CLANG_WARN_DIRECT_OBJC_ISA_USAGE = YES_ERROR;
				CLANG_WARN_DOCUMENTATION_COMMENTS = YES;
				CLANG_WARN_EMPTY_BODY = YES;
				CLANG_WARN_ENUM_CONVERSION = YES;
				CLANG_WARN_INFINITE_RECURSION = YES;
				CLANG_WARN_INT_CONVERSION = YES;
				CLANG_WARN_NON_LITERAL_NULL_CONVERSION = YES;
				CLANG_WARN_OBJC_IMPLICIT_RETAIN_SELF = YES;
				CLANG_WARN_OBJC_LITERAL_CONVERSION = YES;
				CLANG_WARN_OBJC_ROOT_CLASS = YES_ERROR;
				CLANG_WARN_QUOTED_INCLUDE_IN_FRAMEWORK_HEADER = YES;
				CLANG_WARN_RANGE_LOOP_ANALYSIS = YES;
				CLANG_WARN_STRICT_PROTOTYPES = YES;
				CLANG_WARN_SUSPICIOUS_MOVE = YES;
				CLANG_WARN_UNGUARDED_AVAILABILITY = YES_AGGRESSIVE;
				CLANG_WARN_UNREACHABLE_CODE = YES;
				CLANG_WARN__DUPLICATE_METHOD_MATCH = YES;
				COPY_PHASE_STRIP = NO;
				DEBUG_INFORMATION_FORMAT = dwarf;
				ENABLE_STRICT_OBJC_MSGSEND = YES;
				ENABLE_TESTABILITY = YES;
				ENABLE_USER_SCRIPT_SANDBOXING = NO;
				GCC_C_LANGUAGE_STANDARD = gnu17;
				GCC_DYNAMIC_NO_PIC = NO;
				GCC_NO_COMMON_BLOCKS = YES;
				GCC_OPTIMIZATION_LEVEL = 0;
				GCC_PREPROCESSOR_DEFINITIONS = (
					"DEBUG=1",
					"$(inherited)",
				);
				GCC_WARN_64_TO_32_BIT_CONVERSION = YES;
				GCC_WARN_ABOUT_RETURN_TYPE = YES_ERROR;
				GCC_WARN_UNDECLARED_SELECTOR = YES;
				GCC_WARN_UNINITIALIZED_AUTOS = YES_AGGRESSIVE;
				GCC_WARN_UNUSED_FUNCTION = YES;
				GCC_WARN_UNUSED_VARIABLE = YES;
				IPHONEOS_DEPLOYMENT_TARGET = 17.0;
				LOCALIZATION_PREFERS_STRING_CATALOGS = YES;
				MTL_ENABLE_DEBUG_INFO = INCLUDE_SOURCE;
				MTL_FAST_MATH = YES;
				ONLY_ACTIVE_ARCH = YES;
				SDKROOT = iphoneos;
				SWIFT_ACTIVE_COMPILATION_CONDITIONS = "DEBUG $(inherited)";
				SWIFT_OPTIMIZATION_LEVEL = "-Onone";
			};
			name = Debug;
		};
		78070FFD2C918C1E0039B44C /* Release */ = {
			isa = XCBuildConfiguration;
			buildSettings = {
				ALWAYS_SEARCH_USER_PATHS = NO;
				ASSETCATALOG_COMPILER_GENERATE_SWIFT_ASSET_SYMBOL_EXTENSIONS = YES;
				CLANG_ANALYZER_NONNULL = YES;
				CLANG_ANALYZER_NUMBER_OBJECT_CONVERSION = YES_AGGRESSIVE;
				CLANG_CXX_LANGUAGE_STANDARD = "gnu++20";
				CLANG_ENABLE_MODULES = YES;
				CLANG_ENABLE_OBJC_ARC = YES;
				CLANG_ENABLE_OBJC_WEAK = YES;
				CLANG_WARN_BLOCK_CAPTURE_AUTORELEASING = YES;
				CLANG_WARN_BOOL_CONVERSION = YES;
				CLANG_WARN_COMMA = YES;
				CLANG_WARN_CONSTANT_CONVERSION = YES;
				CLANG_WARN_DEPRECATED_OBJC_IMPLEMENTATIONS = YES;
				CLANG_WARN_DIRECT_OBJC_ISA_USAGE = YES_ERROR;
				CLANG_WARN_DOCUMENTATION_COMMENTS = YES;
				CLANG_WARN_EMPTY_BODY = YES;
				CLANG_WARN_ENUM_CONVERSION = YES;
				CLANG_WARN_INFINITE_RECURSION = YES;
				CLANG_WARN_INT_CONVERSION = YES;
				CLANG_WARN_NON_LITERAL_NULL_CONVERSION = YES;
				CLANG_WARN_OBJC_IMPLICIT_RETAIN_SELF = YES;
				CLANG_WARN_OBJC_LITERAL_CONVERSION = YES;
				CLANG_WARN_OBJC_ROOT_CLASS = YES_ERROR;
				CLANG_WARN_QUOTED_INCLUDE_IN_FRAMEWORK_HEADER = YES;
				CLANG_WARN_RANGE_LOOP_ANALYSIS = YES;
				CLANG_WARN_STRICT_PROTOTYPES = YES;
				CLANG_WARN_SUSPICIOUS_MOVE = YES;
				CLANG_WARN_UNGUARDED_AVAILABILITY = YES_AGGRESSIVE;
				CLANG_WARN_UNREACHABLE_CODE = YES;
				CLANG_WARN__DUPLICATE_METHOD_MATCH = YES;
				COPY_PHASE_STRIP = NO;
				DEBUG_INFORMATION_FORMAT = "dwarf-with-dsym";
				ENABLE_NS_ASSERTIONS = NO;
				ENABLE_STRICT_OBJC_MSGSEND = YES;
				ENABLE_USER_SCRIPT_SANDBOXING = NO;
				GCC_C_LANGUAGE_STANDARD = gnu17;
				GCC_NO_COMMON_BLOCKS = YES;
				GCC_WARN_64_TO_32_BIT_CONVERSION = YES;
				GCC_WARN_ABOUT_RETURN_TYPE = YES_ERROR;
				GCC_WARN_UNDECLARED_SELECTOR = YES;
				GCC_WARN_UNINITIALIZED_AUTOS = YES_AGGRESSIVE;
				GCC_WARN_UNUSED_FUNCTION = YES;
				GCC_WARN_UNUSED_VARIABLE = YES;
				IPHONEOS_DEPLOYMENT_TARGET = 17.0;
				LOCALIZATION_PREFERS_STRING_CATALOGS = YES;
				MTL_ENABLE_DEBUG_INFO = NO;
				MTL_FAST_MATH = YES;
				SDKROOT = iphoneos;
				SWIFT_COMPILATION_MODE = wholemodule;
				VALIDATE_PRODUCT = YES;
			};
			name = Release;
		};
		78070FFF2C918C1E0039B44C /* Debug */ = {
			isa = XCBuildConfiguration;
			buildSettings = {
				ASSETCATALOG_COMPILER_APPICON_NAME = AppIcon;
				ASSETCATALOG_COMPILER_GLOBAL_ACCENT_COLOR_NAME = AccentColor;
				CODE_SIGN_STYLE = Automatic;
				CURRENT_PROJECT_VERSION = 2;
				DEVELOPMENT_ASSET_PATHS = "\"ToneDeck/Preview Content\"";
				DEVELOPMENT_TEAM = 9CYNC2N5UU;
				ENABLE_PREVIEWS = YES;
				GENERATE_INFOPLIST_FILE = YES;
				INFOPLIST_FILE = ToneDeck/Info.plist;
				INFOPLIST_KEY_NSCameraUsageDescription = "\"use camera\"";
				INFOPLIST_KEY_NSPhotoLibraryUsageDescription = "\"use library\"";
				INFOPLIST_KEY_UIApplicationSceneManifest_Generation = YES;
				INFOPLIST_KEY_UIApplicationSupportsIndirectInputEvents = YES;
				INFOPLIST_KEY_UILaunchScreen_Generation = YES;
				INFOPLIST_KEY_UISupportedInterfaceOrientations_iPad = "UIInterfaceOrientationPortrait UIInterfaceOrientationPortraitUpsideDown UIInterfaceOrientationLandscapeLeft UIInterfaceOrientationLandscapeRight";
				INFOPLIST_KEY_UISupportedInterfaceOrientations_iPhone = "UIInterfaceOrientationPortrait UIInterfaceOrientationLandscapeLeft UIInterfaceOrientationLandscapeRight";
				IPHONEOS_DEPLOYMENT_TARGET = 17.0;
				LD_RUNPATH_SEARCH_PATHS = (
					"$(inherited)",
					"@executable_path/Frameworks",
				);
				MARKETING_VERSION = 1.0.0;
				PRODUCT_BUNDLE_IDENTIFIER = com.StingHsieh.ToneDeck;
				PRODUCT_NAME = "$(TARGET_NAME)";
				SWIFT_EMIT_LOC_STRINGS = YES;
				SWIFT_VERSION = 5.0;
				TARGETED_DEVICE_FAMILY = "1,2";
			};
			name = Debug;
		};
		780710002C918C1E0039B44C /* Release */ = {
			isa = XCBuildConfiguration;
			buildSettings = {
				ASSETCATALOG_COMPILER_APPICON_NAME = AppIcon;
				ASSETCATALOG_COMPILER_GLOBAL_ACCENT_COLOR_NAME = AccentColor;
				CODE_SIGN_STYLE = Automatic;
				CURRENT_PROJECT_VERSION = 2;
				DEVELOPMENT_ASSET_PATHS = "\"ToneDeck/Preview Content\"";
				DEVELOPMENT_TEAM = 9CYNC2N5UU;
				ENABLE_PREVIEWS = YES;
				GENERATE_INFOPLIST_FILE = YES;
				INFOPLIST_FILE = ToneDeck/Info.plist;
				INFOPLIST_KEY_NSCameraUsageDescription = "\"use camera\"";
				INFOPLIST_KEY_NSPhotoLibraryUsageDescription = "\"use library\"";
				INFOPLIST_KEY_UIApplicationSceneManifest_Generation = YES;
				INFOPLIST_KEY_UIApplicationSupportsIndirectInputEvents = YES;
				INFOPLIST_KEY_UILaunchScreen_Generation = YES;
				INFOPLIST_KEY_UISupportedInterfaceOrientations_iPad = "UIInterfaceOrientationPortrait UIInterfaceOrientationPortraitUpsideDown UIInterfaceOrientationLandscapeLeft UIInterfaceOrientationLandscapeRight";
				INFOPLIST_KEY_UISupportedInterfaceOrientations_iPhone = "UIInterfaceOrientationPortrait UIInterfaceOrientationLandscapeLeft UIInterfaceOrientationLandscapeRight";
				IPHONEOS_DEPLOYMENT_TARGET = 17.0;
				LD_RUNPATH_SEARCH_PATHS = (
					"$(inherited)",
					"@executable_path/Frameworks",
				);
				MARKETING_VERSION = 1.0.0;
				PRODUCT_BUNDLE_IDENTIFIER = com.StingHsieh.ToneDeck;
				PRODUCT_NAME = "$(TARGET_NAME)";
				SWIFT_EMIT_LOC_STRINGS = YES;
				SWIFT_VERSION = 5.0;
				TARGETED_DEVICE_FAMILY = "1,2";
			};
			name = Release;
		};
/* End XCBuildConfiguration section */

/* Begin XCConfigurationList section */
		78070FEB2C918C1B0039B44C /* Build configuration list for PBXProject "ToneDeck" */ = {
			isa = XCConfigurationList;
			buildConfigurations = (
				78070FFC2C918C1E0039B44C /* Debug */,
				78070FFD2C918C1E0039B44C /* Release */,
			);
			defaultConfigurationIsVisible = 0;
			defaultConfigurationName = Release;
		};
		78070FFE2C918C1E0039B44C /* Build configuration list for PBXNativeTarget "ToneDeck" */ = {
			isa = XCConfigurationList;
			buildConfigurations = (
				78070FFF2C918C1E0039B44C /* Debug */,
				780710002C918C1E0039B44C /* Release */,
			);
			defaultConfigurationIsVisible = 0;
			defaultConfigurationName = Release;
		};
/* End XCConfigurationList section */

/* Begin XCRemoteSwiftPackageReference section */
		780710362C9190130039B44C /* XCRemoteSwiftPackageReference "firebase-ios-sdk" */ = {
			isa = XCRemoteSwiftPackageReference;
			repositoryURL = "https://github.com/firebase/firebase-ios-sdk";
			requirement = {
				kind = upToNextMajorVersion;
				minimumVersion = 11.2.0;
			};
		};
		780710472C9286FB0039B44C /* XCRemoteSwiftPackageReference "Kingfisher" */ = {
			isa = XCRemoteSwiftPackageReference;
			repositoryURL = "https://github.com/onevcat/Kingfisher";
			requirement = {
				kind = upToNextMajorVersion;
				minimumVersion = 7.12.0;
			};
		};
		78BAF0572C980FF300A5B418 /* XCRemoteSwiftPackageReference "IQKeyboardManager" */ = {
			isa = XCRemoteSwiftPackageReference;
			repositoryURL = "https://github.com/hackiftekhar/IQKeyboardManager.git";
			requirement = {
				kind = upToNextMajorVersion;
				minimumVersion = 7.1.1;
			};
		};
/* End XCRemoteSwiftPackageReference section */

/* Begin XCSwiftPackageProductDependency section */
		780710372C9190130039B44C /* FirebaseAuth */ = {
			isa = XCSwiftPackageProductDependency;
			package = 780710362C9190130039B44C /* XCRemoteSwiftPackageReference "firebase-ios-sdk" */;
			productName = FirebaseAuth;
		};
		780710392C9190130039B44C /* FirebaseDatabase */ = {
			isa = XCSwiftPackageProductDependency;
			package = 780710362C9190130039B44C /* XCRemoteSwiftPackageReference "firebase-ios-sdk" */;
			productName = FirebaseDatabase;
		};
		7807103B2C9190130039B44C /* FirebaseFirestore */ = {
			isa = XCSwiftPackageProductDependency;
			package = 780710362C9190130039B44C /* XCRemoteSwiftPackageReference "firebase-ios-sdk" */;
			productName = FirebaseFirestore;
		};
		7807103D2C9190130039B44C /* FirebaseStorage */ = {
			isa = XCSwiftPackageProductDependency;
			package = 780710362C9190130039B44C /* XCRemoteSwiftPackageReference "firebase-ios-sdk" */;
			productName = FirebaseStorage;
		};
		780710482C9286FB0039B44C /* Kingfisher */ = {
			isa = XCSwiftPackageProductDependency;
			package = 780710472C9286FB0039B44C /* XCRemoteSwiftPackageReference "Kingfisher" */;
			productName = Kingfisher;
		};
		78BAF0582C980FF300A5B418 /* IQKeyboardManagerSwift */ = {
			isa = XCSwiftPackageProductDependency;
			package = 78BAF0572C980FF300A5B418 /* XCRemoteSwiftPackageReference "IQKeyboardManager" */;
			productName = IQKeyboardManagerSwift;
		};
/* End XCSwiftPackageProductDependency section */
	};
	rootObject = 78070FE82C918C1B0039B44C /* Project object */;
}
